// !$*UTF8*$!
{
	archiveVersion = 1;
	classes = {
	};
	objectVersion = 56;
	objects = {

/* Begin PBXBuildFile section */
		E84EE4952A6D12EA0045A804 /* EnglishCameraApp.swift in Sources */ = {isa = PBXBuildFile; fileRef = E84EE4942A6D12EA0045A804 /* EnglishCameraApp.swift */; };
		E84EE4972A6D12EA0045A804 /* ContentView.swift in Sources */ = {isa = PBXBuildFile; fileRef = E84EE4962A6D12EA0045A804 /* ContentView.swift */; };
		E84EE4992A6D12EB0045A804 /* Assets.xcassets in Resources */ = {isa = PBXBuildFile; fileRef = E84EE4982A6D12EB0045A804 /* Assets.xcassets */; };
		E84EE49C2A6D12EB0045A804 /* Preview Assets.xcassets in Resources */ = {isa = PBXBuildFile; fileRef = E84EE49B2A6D12EB0045A804 /* Preview Assets.xcassets */; };
		E84EE4A62A6D12EB0045A804 /* EnglishCameraTests.swift in Sources */ = {isa = PBXBuildFile; fileRef = E84EE4A52A6D12EB0045A804 /* EnglishCameraTests.swift */; };
		E84EE4B02A6D12EB0045A804 /* EnglishCameraUITests.swift in Sources */ = {isa = PBXBuildFile; fileRef = E84EE4AF2A6D12EB0045A804 /* EnglishCameraUITests.swift */; };
		E84EE4B22A6D12EB0045A804 /* EnglishCameraUITestsLaunchTests.swift in Sources */ = {isa = PBXBuildFile; fileRef = E84EE4B12A6D12EB0045A804 /* EnglishCameraUITestsLaunchTests.swift */; };
/* End PBXBuildFile section */

/* Begin PBXContainerItemProxy section */
		E84EE4A22A6D12EB0045A804 /* PBXContainerItemProxy */ = {
			isa = PBXContainerItemProxy;
			containerPortal = E84EE4892A6D12EA0045A804 /* Project object */;
			proxyType = 1;
			remoteGlobalIDString = E84EE4902A6D12EA0045A804;
			remoteInfo = EnglishCamera;
		};
		E84EE4AC2A6D12EB0045A804 /* PBXContainerItemProxy */ = {
			isa = PBXContainerItemProxy;
			containerPortal = E84EE4892A6D12EA0045A804 /* Project object */;
			proxyType = 1;
			remoteGlobalIDString = E84EE4902A6D12EA0045A804;
			remoteInfo = EnglishCamera;
		};
/* End PBXContainerItemProxy section */

/* Begin PBXFileReference section */
		E84EE4912A6D12EA0045A804 /* EnglishCamera.app */ = {isa = PBXFileReference; explicitFileType = wrapper.application; includeInIndex = 0; path = EnglishCamera.app; sourceTree = BUILT_PRODUCTS_DIR; };
		E84EE4942A6D12EA0045A804 /* EnglishCameraApp.swift */ = {isa = PBXFileReference; lastKnownFileType = sourcecode.swift; path = EnglishCameraApp.swift; sourceTree = "<group>"; };
		E84EE4962A6D12EA0045A804 /* ContentView.swift */ = {isa = PBXFileReference; lastKnownFileType = sourcecode.swift; path = ContentView.swift; sourceTree = "<group>"; };
		E84EE4982A6D12EB0045A804 /* Assets.xcassets */ = {isa = PBXFileReference; lastKnownFileType = folder.assetcatalog; path = Assets.xcassets; sourceTree = "<group>"; };
		E84EE49B2A6D12EB0045A804 /* Preview Assets.xcassets */ = {isa = PBXFileReference; lastKnownFileType = folder.assetcatalog; path = "Preview Assets.xcassets"; sourceTree = "<group>"; };
		E84EE4A12A6D12EB0045A804 /* EnglishCameraTests.xctest */ = {isa = PBXFileReference; explicitFileType = wrapper.cfbundle; includeInIndex = 0; path = EnglishCameraTests.xctest; sourceTree = BUILT_PRODUCTS_DIR; };
		E84EE4A52A6D12EB0045A804 /* EnglishCameraTests.swift */ = {isa = PBXFileReference; lastKnownFileType = sourcecode.swift; path = EnglishCameraTests.swift; sourceTree = "<group>"; };
		E84EE4AB2A6D12EB0045A804 /* EnglishCameraUITests.xctest */ = {isa = PBXFileReference; explicitFileType = wrapper.cfbundle; includeInIndex = 0; path = EnglishCameraUITests.xctest; sourceTree = BUILT_PRODUCTS_DIR; };
		E84EE4AF2A6D12EB0045A804 /* EnglishCameraUITests.swift */ = {isa = PBXFileReference; lastKnownFileType = sourcecode.swift; path = EnglishCameraUITests.swift; sourceTree = "<group>"; };
		E84EE4B12A6D12EB0045A804 /* EnglishCameraUITestsLaunchTests.swift */ = {isa = PBXFileReference; lastKnownFileType = sourcecode.swift; path = EnglishCameraUITestsLaunchTests.swift; sourceTree = "<group>"; };
/* End PBXFileReference section */

/* Begin PBXFrameworksBuildPhase section */
		E84EE48E2A6D12EA0045A804 /* Frameworks */ = {
			isa = PBXFrameworksBuildPhase;
			buildActionMask = 2147483647;
			files = (
			);
			runOnlyForDeploymentPostprocessing = 0;
		};
		E84EE49E2A6D12EB0045A804 /* Frameworks */ = {
			isa = PBXFrameworksBuildPhase;
			buildActionMask = 2147483647;
			files = (
			);
			runOnlyForDeploymentPostprocessing = 0;
		};
		E84EE4A82A6D12EB0045A804 /* Frameworks */ = {
			isa = PBXFrameworksBuildPhase;
			buildActionMask = 2147483647;
			files = (
			);
			runOnlyForDeploymentPostprocessing = 0;
		};
/* End PBXFrameworksBuildPhase section */

/* Begin PBXGroup section */
		E84EE4882A6D12EA0045A804 = {
			isa = PBXGroup;
			children = (
				E84EE4932A6D12EA0045A804 /* EnglishCamera */,
				E84EE4A42A6D12EB0045A804 /* EnglishCameraTests */,
				E84EE4AE2A6D12EB0045A804 /* EnglishCameraUITests */,
				E84EE4922A6D12EA0045A804 /* Products */,
			);
			sourceTree = "<group>";
		};
		E84EE4922A6D12EA0045A804 /* Products */ = {
			isa = PBXGroup;
			children = (
				E84EE4912A6D12EA0045A804 /* EnglishCamera.app */,
				E84EE4A12A6D12EB0045A804 /* EnglishCameraTests.xctest */,
				E84EE4AB2A6D12EB0045A804 /* EnglishCameraUITests.xctest */,
			);
			name = Products;
			sourceTree = "<group>";
		};
		E84EE4932A6D12EA0045A804 /* EnglishCamera */ = {
			isa = PBXGroup;
			children = (
				E84EE4942A6D12EA0045A804 /* EnglishCameraApp.swift */,
				E84EE4962A6D12EA0045A804 /* ContentView.swift */,
				E84EE4982A6D12EB0045A804 /* Assets.xcassets */,
				E84EE49A2A6D12EB0045A804 /* Preview Content */,
			);
			path = EnglishCamera;
			sourceTree = "<group>";
		};
		E84EE49A2A6D12EB0045A804 /* Preview Content */ = {
			isa = PBXGroup;
			children = (
				E84EE49B2A6D12EB0045A804 /* Preview Assets.xcassets */,
			);
			path = "Preview Content";
			sourceTree = "<group>";
		};
		E84EE4A42A6D12EB0045A804 /* EnglishCameraTests */ = {
			isa = PBXGroup;
			children = (
				E84EE4A52A6D12EB0045A804 /* EnglishCameraTests.swift */,
			);
			path = EnglishCameraTests;
			sourceTree = "<group>";
		};
		E84EE4AE2A6D12EB0045A804 /* EnglishCameraUITests */ = {
			isa = PBXGroup;
			children = (
				E84EE4AF2A6D12EB0045A804 /* EnglishCameraUITests.swift */,
				E84EE4B12A6D12EB0045A804 /* EnglishCameraUITestsLaunchTests.swift */,
			);
			path = EnglishCameraUITests;
			sourceTree = "<group>";
		};
/* End PBXGroup section */

/* Begin PBXNativeTarget section */
		E84EE4902A6D12EA0045A804 /* EnglishCamera */ = {
			isa = PBXNativeTarget;
			buildConfigurationList = E84EE4B52A6D12EB0045A804 /* Build configuration list for PBXNativeTarget "EnglishCamera" */;
			buildPhases = (
				E84EE48D2A6D12EA0045A804 /* Sources */,
				E84EE48E2A6D12EA0045A804 /* Frameworks */,
				E84EE48F2A6D12EA0045A804 /* Resources */,
			);
			buildRules = (
			);
			dependencies = (
			);
			name = EnglishCamera;
			productName = EnglishCamera;
			productReference = E84EE4912A6D12EA0045A804 /* EnglishCamera.app */;
			productType = "com.apple.product-type.application";
		};
		E84EE4A02A6D12EB0045A804 /* EnglishCameraTests */ = {
			isa = PBXNativeTarget;
			buildConfigurationList = E84EE4B82A6D12EB0045A804 /* Build configuration list for PBXNativeTarget "EnglishCameraTests" */;
			buildPhases = (
				E84EE49D2A6D12EB0045A804 /* Sources */,
				E84EE49E2A6D12EB0045A804 /* Frameworks */,
				E84EE49F2A6D12EB0045A804 /* Resources */,
			);
			buildRules = (
			);
			dependencies = (
				E84EE4A32A6D12EB0045A804 /* PBXTargetDependency */,
			);
			name = EnglishCameraTests;
			productName = EnglishCameraTests;
			productReference = E84EE4A12A6D12EB0045A804 /* EnglishCameraTests.xctest */;
			productType = "com.apple.product-type.bundle.unit-test";
		};
		E84EE4AA2A6D12EB0045A804 /* EnglishCameraUITests */ = {
			isa = PBXNativeTarget;
			buildConfigurationList = E84EE4BB2A6D12EB0045A804 /* Build configuration list for PBXNativeTarget "EnglishCameraUITests" */;
			buildPhases = (
				E84EE4A72A6D12EB0045A804 /* Sources */,
				E84EE4A82A6D12EB0045A804 /* Frameworks */,
				E84EE4A92A6D12EB0045A804 /* Resources */,
			);
			buildRules = (
			);
			dependencies = (
				E84EE4AD2A6D12EB0045A804 /* PBXTargetDependency */,
			);
			name = EnglishCameraUITests;
			productName = EnglishCameraUITests;
			productReference = E84EE4AB2A6D12EB0045A804 /* EnglishCameraUITests.xctest */;
			productType = "com.apple.product-type.bundle.ui-testing";
		};
/* End PBXNativeTarget section */

/* Begin PBXProject section */
		E84EE4892A6D12EA0045A804 /* Project object */ = {
			isa = PBXProject;
			attributes = {
				BuildIndependentTargetsInParallel = 1;
				LastSwiftUpdateCheck = 1430;
				LastUpgradeCheck = 1430;
				TargetAttributes = {
					E84EE4902A6D12EA0045A804 = {
						CreatedOnToolsVersion = 14.3.1;
					};
					E84EE4A02A6D12EB0045A804 = {
						CreatedOnToolsVersion = 14.3.1;
						TestTargetID = E84EE4902A6D12EA0045A804;
					};
					E84EE4AA2A6D12EB0045A804 = {
						CreatedOnToolsVersion = 14.3.1;
						TestTargetID = E84EE4902A6D12EA0045A804;
					};
				};
			};
			buildConfigurationList = E84EE48C2A6D12EA0045A804 /* Build configuration list for PBXProject "EnglishCamera" */;
			compatibilityVersion = "Xcode 14.0";
			developmentRegion = en;
			hasScannedForEncodings = 0;
			knownRegions = (
				en,
				Base,
			);
			mainGroup = E84EE4882A6D12EA0045A804;
			productRefGroup = E84EE4922A6D12EA0045A804 /* Products */;
			projectDirPath = "";
			projectRoot = "";
			targets = (
				E84EE4902A6D12EA0045A804 /* EnglishCamera */,
				E84EE4A02A6D12EB0045A804 /* EnglishCameraTests */,
				E84EE4AA2A6D12EB0045A804 /* EnglishCameraUITests */,
			);
		};
/* End PBXProject section */

/* Begin PBXResourcesBuildPhase section */
		E84EE48F2A6D12EA0045A804 /* Resources */ = {
			isa = PBXResourcesBuildPhase;
			buildActionMask = 2147483647;
			files = (
				E84EE49C2A6D12EB0045A804 /* Preview Assets.xcassets in Resources */,
				E84EE4992A6D12EB0045A804 /* Assets.xcassets in Resources */,
			);
			runOnlyForDeploymentPostprocessing = 0;
		};
		E84EE49F2A6D12EB0045A804 /* Resources */ = {
			isa = PBXResourcesBuildPhase;
			buildActionMask = 2147483647;
			files = (
			);
			runOnlyForDeploymentPostprocessing = 0;
		};
		E84EE4A92A6D12EB0045A804 /* Resources */ = {
			isa = PBXResourcesBuildPhase;
			buildActionMask = 2147483647;
			files = (
			);
			runOnlyForDeploymentPostprocessing = 0;
		};
/* End PBXResourcesBuildPhase section */

/* Begin PBXSourcesBuildPhase section */
		E84EE48D2A6D12EA0045A804 /* Sources */ = {
			isa = PBXSourcesBuildPhase;
			buildActionMask = 2147483647;
			files = (
				E84EE4972A6D12EA0045A804 /* ContentView.swift in Sources */,
				E84EE4952A6D12EA0045A804 /* EnglishCameraApp.swift in Sources */,
			);
			runOnlyForDeploymentPostprocessing = 0;
		};
		E84EE49D2A6D12EB0045A804 /* Sources */ = {
			isa = PBXSourcesBuildPhase;
			buildActionMask = 2147483647;
			files = (
				E84EE4A62A6D12EB0045A804 /* EnglishCameraTests.swift in Sources */,
			);
			runOnlyForDeploymentPostprocessing = 0;
		};
		E84EE4A72A6D12EB0045A804 /* Sources */ = {
			isa = PBXSourcesBuildPhase;
			buildActionMask = 2147483647;
			files = (
				E84EE4B22A6D12EB0045A804 /* EnglishCameraUITestsLaunchTests.swift in Sources */,
				E84EE4B02A6D12EB0045A804 /* EnglishCameraUITests.swift in Sources */,
			);
			runOnlyForDeploymentPostprocessing = 0;
		};
/* End PBXSourcesBuildPhase section */

/* Begin PBXTargetDependency section */
		E84EE4A32A6D12EB0045A804 /* PBXTargetDependency */ = {
			isa = PBXTargetDependency;
			target = E84EE4902A6D12EA0045A804 /* EnglishCamera */;
			targetProxy = E84EE4A22A6D12EB0045A804 /* PBXContainerItemProxy */;
		};
		E84EE4AD2A6D12EB0045A804 /* PBXTargetDependency */ = {
			isa = PBXTargetDependency;
			target = E84EE4902A6D12EA0045A804 /* EnglishCamera */;
			targetProxy = E84EE4AC2A6D12EB0045A804 /* PBXContainerItemProxy */;
		};
/* End PBXTargetDependency section */

/* Begin XCBuildConfiguration section */
		E84EE4B32A6D12EB0045A804 /* Debug */ = {
			isa = XCBuildConfiguration;
			buildSettings = {
				ALWAYS_SEARCH_USER_PATHS = NO;
				CLANG_ANALYZER_NONNULL = YES;
				CLANG_ANALYZER_NUMBER_OBJECT_CONVERSION = YES_AGGRESSIVE;
				CLANG_CXX_LANGUAGE_STANDARD = "gnu++20";
				CLANG_ENABLE_MODULES = YES;
				CLANG_ENABLE_OBJC_ARC = YES;
				CLANG_ENABLE_OBJC_WEAK = YES;
				CLANG_WARN_BLOCK_CAPTURE_AUTORELEASING = YES;
				CLANG_WARN_BOOL_CONVERSION = YES;
				CLANG_WARN_COMMA = YES;
				CLANG_WARN_CONSTANT_CONVERSION = YES;
				CLANG_WARN_DEPRECATED_OBJC_IMPLEMENTATIONS = YES;
				CLANG_WARN_DIRECT_OBJC_ISA_USAGE = YES_ERROR;
				CLANG_WARN_DOCUMENTATION_COMMENTS = YES;
				CLANG_WARN_EMPTY_BODY = YES;
				CLANG_WARN_ENUM_CONVERSION = YES;
				CLANG_WARN_INFINITE_RECURSION = YES;
				CLANG_WARN_INT_CONVERSION = YES;
				CLANG_WARN_NON_LITERAL_NULL_CONVERSION = YES;
				CLANG_WARN_OBJC_IMPLICIT_RETAIN_SELF = YES;
				CLANG_WARN_OBJC_LITERAL_CONVERSION = YES;
				CLANG_WARN_OBJC_ROOT_CLASS = YES_ERROR;
				CLANG_WARN_QUOTED_INCLUDE_IN_FRAMEWORK_HEADER = YES;
				CLANG_WARN_RANGE_LOOP_ANALYSIS = YES;
				CLANG_WARN_STRICT_PROTOTYPES = YES;
				CLANG_WARN_SUSPICIOUS_MOVE = YES;
				CLANG_WARN_UNGUARDED_AVAILABILITY = YES_AGGRESSIVE;
				CLANG_WARN_UNREACHABLE_CODE = YES;
				CLANG_WARN__DUPLICATE_METHOD_MATCH = YES;
				COPY_PHASE_STRIP = NO;
				DEBUG_INFORMATION_FORMAT = dwarf;
				ENABLE_STRICT_OBJC_MSGSEND = YES;
				ENABLE_TESTABILITY = YES;
				GCC_C_LANGUAGE_STANDARD = gnu11;
				GCC_DYNAMIC_NO_PIC = NO;
				GCC_NO_COMMON_BLOCKS = YES;
				GCC_OPTIMIZATION_LEVEL = 0;
				GCC_PREPROCESSOR_DEFINITIONS = (
					"DEBUG=1",
					"$(inherited)",
				);
				GCC_WARN_64_TO_32_BIT_CONVERSION = YES;
				GCC_WARN_ABOUT_RETURN_TYPE = YES_ERROR;
				GCC_WARN_UNDECLARED_SELECTOR = YES;
				GCC_WARN_UNINITIALIZED_AUTOS = YES_AGGRESSIVE;
				GCC_WARN_UNUSED_FUNCTION = YES;
				GCC_WARN_UNUSED_VARIABLE = YES;
				IPHONEOS_DEPLOYMENT_TARGET = 16.4;
				MTL_ENABLE_DEBUG_INFO = INCLUDE_SOURCE;
				MTL_FAST_MATH = YES;
				ONLY_ACTIVE_ARCH = YES;
				SDKROOT = iphoneos;
				SWIFT_ACTIVE_COMPILATION_CONDITIONS = DEBUG;
				SWIFT_OPTIMIZATION_LEVEL = "-Onone";
			};
			name = Debug;
		};
		E84EE4B42A6D12EB0045A804 /* Release */ = {
			isa = XCBuildConfiguration;
			buildSettings = {
				ALWAYS_SEARCH_USER_PATHS = NO;
				CLANG_ANALYZER_NONNULL = YES;
				CLANG_ANALYZER_NUMBER_OBJECT_CONVERSION = YES_AGGRESSIVE;
				CLANG_CXX_LANGUAGE_STANDARD = "gnu++20";
				CLANG_ENABLE_MODULES = YES;
				CLANG_ENABLE_OBJC_ARC = YES;
				CLANG_ENABLE_OBJC_WEAK = YES;
				CLANG_WARN_BLOCK_CAPTURE_AUTORELEASING = YES;
				CLANG_WARN_BOOL_CONVERSION = YES;
				CLANG_WARN_COMMA = YES;
				CLANG_WARN_CONSTANT_CONVERSION = YES;
				CLANG_WARN_DEPRECATED_OBJC_IMPLEMENTATIONS = YES;
				CLANG_WARN_DIRECT_OBJC_ISA_USAGE = YES_ERROR;
				CLANG_WARN_DOCUMENTATION_COMMENTS = YES;
				CLANG_WARN_EMPTY_BODY = YES;
				CLANG_WARN_ENUM_CONVERSION = YES;
				CLANG_WARN_INFINITE_RECURSION = YES;
				CLANG_WARN_INT_CONVERSION = YES;
				CLANG_WARN_NON_LITERAL_NULL_CONVERSION = YES;
				CLANG_WARN_OBJC_IMPLICIT_RETAIN_SELF = YES;
				CLANG_WARN_OBJC_LITERAL_CONVERSION = YES;
				CLANG_WARN_OBJC_ROOT_CLASS = YES_ERROR;
				CLANG_WARN_QUOTED_INCLUDE_IN_FRAMEWORK_HEADER = YES;
				CLANG_WARN_RANGE_LOOP_ANALYSIS = YES;
				CLANG_WARN_STRICT_PROTOTYPES = YES;
				CLANG_WARN_SUSPICIOUS_MOVE = YES;
				CLANG_WARN_UNGUARDED_AVAILABILITY = YES_AGGRESSIVE;
				CLANG_WARN_UNREACHABLE_CODE = YES;
				CLANG_WARN__DUPLICATE_METHOD_MATCH = YES;
				COPY_PHASE_STRIP = NO;
				DEBUG_INFORMATION_FORMAT = "dwarf-with-dsym";
				ENABLE_NS_ASSERTIONS = NO;
				ENABLE_STRICT_OBJC_MSGSEND = YES;
				GCC_C_LANGUAGE_STANDARD = gnu11;
				GCC_NO_COMMON_BLOCKS = YES;
				GCC_WARN_64_TO_32_BIT_CONVERSION = YES;
				GCC_WARN_ABOUT_RETURN_TYPE = YES_ERROR;
				GCC_WARN_UNDECLARED_SELECTOR = YES;
				GCC_WARN_UNINITIALIZED_AUTOS = YES_AGGRESSIVE;
				GCC_WARN_UNUSED_FUNCTION = YES;
				GCC_WARN_UNUSED_VARIABLE = YES;
				IPHONEOS_DEPLOYMENT_TARGET = 16.4;
				MTL_ENABLE_DEBUG_INFO = NO;
				MTL_FAST_MATH = YES;
				SDKROOT = iphoneos;
				SWIFT_COMPILATION_MODE = wholemodule;
				SWIFT_OPTIMIZATION_LEVEL = "-O";
				VALIDATE_PRODUCT = YES;
			};
			name = Release;
		};
		E84EE4B62A6D12EB0045A804 /* Debug */ = {
			isa = XCBuildConfiguration;
			buildSettings = {
				ASSETCATALOG_COMPILER_APPICON_NAME = AppIcon;
				ASSETCATALOG_COMPILER_GLOBAL_ACCENT_COLOR_NAME = AccentColor;
				CODE_SIGN_STYLE = Automatic;
				CURRENT_PROJECT_VERSION = 1;
				DEVELOPMENT_ASSET_PATHS = "\"EnglishCamera/Preview Content\"";
				DEVELOPMENT_TEAM = J9ATR58RL2;
				ENABLE_PREVIEWS = YES;
				GENERATE_INFOPLIST_FILE = YES;
				INFOPLIST_KEY_UIApplicationSceneManifest_Generation = YES;
				INFOPLIST_KEY_UIApplicationSupportsIndirectInputEvents = YES;
				INFOPLIST_KEY_UILaunchScreen_Generation = YES;
				INFOPLIST_KEY_UISupportedInterfaceOrientations_iPad = "UIInterfaceOrientationPortrait UIInterfaceOrientationPortraitUpsideDown UIInterfaceOrientationLandscapeLeft UIInterfaceOrientationLandscapeRight";
				INFOPLIST_KEY_UISupportedInterfaceOrientations_iPhone = "UIInterfaceOrientationPortrait UIInterfaceOrientationLandscapeLeft UIInterfaceOrientationLandscapeRight";
				LD_RUNPATH_SEARCH_PATHS = (
					"$(inherited)",
					"@executable_path/Frameworks",
				);
				MARKETING_VERSION = 1.0;
				PRODUCT_BUNDLE_IDENTIFIER = com.smartconnections.EnglishCamera;
				PRODUCT_NAME = "$(TARGET_NAME)";
				SWIFT_EMIT_LOC_STRINGS = YES;
				SWIFT_VERSION = 5.0;
				TARGETED_DEVICE_FAMILY = "1,2";
			};
			name = Debug;
		};
		E84EE4B72A6D12EB0045A804 /* Release */ = {
			isa = XCBuildConfiguration;
			buildSettings = {
				ASSETCATALOG_COMPILER_APPICON_NAME = AppIcon;
				ASSETCATALOG_COMPILER_GLOBAL_ACCENT_COLOR_NAME = AccentColor;
				CODE_SIGN_STYLE = Automatic;
				CURRENT_PROJECT_VERSION = 1;
				DEVELOPMENT_ASSET_PATHS = "\"EnglishCamera/Preview Content\"";
				DEVELOPMENT_TEAM = J9ATR58RL2;
				ENABLE_PREVIEWS = YES;
				GENERATE_INFOPLIST_FILE = YES;
				INFOPLIST_KEY_UIApplicationSceneManifest_Generation = YES;
				INFOPLIST_KEY_UIApplicationSupportsIndirectInputEvents = YES;
				INFOPLIST_KEY_UILaunchScreen_Generation = YES;
				INFOPLIST_KEY_UISupportedInterfaceOrientations_iPad = "UIInterfaceOrientationPortrait UIInterfaceOrientationPortraitUpsideDown UIInterfaceOrientationLandscapeLeft UIInterfaceOrientationLandscapeRight";
				INFOPLIST_KEY_UISupportedInterfaceOrientations_iPhone = "UIInterfaceOrientationPortrait UIInterfaceOrientationLandscapeLeft UIInterfaceOrientationLandscapeRight";
				LD_RUNPATH_SEARCH_PATHS = (
					"$(inherited)",
					"@executable_path/Frameworks",
				);
				MARKETING_VERSION = 1.0;
				PRODUCT_BUNDLE_IDENTIFIER = com.smartconnections.EnglishCamera;
				PRODUCT_NAME = "$(TARGET_NAME)";
				SWIFT_EMIT_LOC_STRINGS = YES;
				SWIFT_VERSION = 5.0;
				TARGETED_DEVICE_FAMILY = "1,2";
			};
			name = Release;
		};
		E84EE4B92A6D12EB0045A804 /* Debug */ = {
			isa = XCBuildConfiguration;
			buildSettings = {
				ALWAYS_EMBED_SWIFT_STANDARD_LIBRARIES = YES;
				BUNDLE_LOADER = "$(TEST_HOST)";
				CODE_SIGN_STYLE = Automatic;
				CURRENT_PROJECT_VERSION = 1;
				DEVELOPMENT_TEAM = J9ATR58RL2;
				GENERATE_INFOPLIST_FILE = YES;
				IPHONEOS_DEPLOYMENT_TARGET = 16.4;
				MARKETING_VERSION = 1.0;
				PRODUCT_BUNDLE_IDENTIFIER = com.smartconnections.EnglishCameraTests;
				PRODUCT_NAME = "$(TARGET_NAME)";
				SWIFT_EMIT_LOC_STRINGS = NO;
				SWIFT_VERSION = 5.0;
				TARGETED_DEVICE_FAMILY = "1,2";
				TEST_HOST = "$(BUILT_PRODUCTS_DIR)/EnglishCamera.app/$(BUNDLE_EXECUTABLE_FOLDER_PATH)/EnglishCamera";
			};
			name = Debug;
		};
		E84EE4BA2A6D12EB0045A804 /* Release */ = {
			isa = XCBuildConfiguration;
			buildSettings = {
				ALWAYS_EMBED_SWIFT_STANDARD_LIBRARIES = YES;
				BUNDLE_LOADER = "$(TEST_HOST)";
				CODE_SIGN_STYLE = Automatic;
				CURRENT_PROJECT_VERSION = 1;
				DEVELOPMENT_TEAM = J9ATR58RL2;
				GENERATE_INFOPLIST_FILE = YES;
				IPHONEOS_DEPLOYMENT_TARGET = 16.4;
				MARKETING_VERSION = 1.0;
				PRODUCT_BUNDLE_IDENTIFIER = com.smartconnections.EnglishCameraTests;
				PRODUCT_NAME = "$(TARGET_NAME)";
				SWIFT_EMIT_LOC_STRINGS = NO;
				SWIFT_VERSION = 5.0;
				TARGETED_DEVICE_FAMILY = "1,2";
				TEST_HOST = "$(BUILT_PRODUCTS_DIR)/EnglishCamera.app/$(BUNDLE_EXECUTABLE_FOLDER_PATH)/EnglishCamera";
			};
			name = Release;
		};
		E84EE4BC2A6D12EB0045A804 /* Debug */ = {
			isa = XCBuildConfiguration;
			buildSettings = {
				ALWAYS_EMBED_SWIFT_STANDARD_LIBRARIES = YES;
				CODE_SIGN_STYLE = Automatic;
				CURRENT_PROJECT_VERSION = 1;
				DEVELOPMENT_TEAM = J9ATR58RL2;
				GENERATE_INFOPLIST_FILE = YES;
				MARKETING_VERSION = 1.0;
				PRODUCT_BUNDLE_IDENTIFIER = com.smartconnections.EnglishCameraUITests;
				PRODUCT_NAME = "$(TARGET_NAME)";
				SWIFT_EMIT_LOC_STRINGS = NO;
				SWIFT_VERSION = 5.0;
				TARGETED_DEVICE_FAMILY = "1,2";
				TEST_TARGET_NAME = EnglishCamera;
			};
			name = Debug;
		};
		E84EE4BD2A6D12EB0045A804 /* Release */ = {
			isa = XCBuildConfiguration;
			buildSettings = {
				ALWAYS_EMBED_SWIFT_STANDARD_LIBRARIES = YES;
				CODE_SIGN_STYLE = Automatic;
				CURRENT_PROJECT_VERSION = 1;
				DEVELOPMENT_TEAM = J9ATR58RL2;
				GENERATE_INFOPLIST_FILE = YES;
				MARKETING_VERSION = 1.0;
				PRODUCT_BUNDLE_IDENTIFIER = com.smartconnections.EnglishCameraUITests;
				PRODUCT_NAME = "$(TARGET_NAME)";
				SWIFT_EMIT_LOC_STRINGS = NO;
				SWIFT_VERSION = 5.0;
				TARGETED_DEVICE_FAMILY = "1,2";
				TEST_TARGET_NAME = EnglishCamera;
			};
			name = Release;
		};
/* End XCBuildConfiguration section */

/* Begin XCConfigurationList section */
		E84EE48C2A6D12EA0045A804 /* Build configuration list for PBXProject "EnglishCamera" */ = {
			isa = XCConfigurationList;
			buildConfigurations = (
				E84EE4B32A6D12EB0045A804 /* Debug */,
				E84EE4B42A6D12EB0045A804 /* Release */,
			);
			defaultConfigurationIsVisible = 0;
			defaultConfigurationName = Release;
		};
		E84EE4B52A6D12EB0045A804 /* Build configuration list for PBXNativeTarget "EnglishCamera" */ = {
			isa = XCConfigurationList;
			buildConfigurations = (
				E84EE4B62A6D12EB0045A804 /* Debug */,
				E84EE4B72A6D12EB0045A804 /* Release */,
			);
			defaultConfigurationIsVisible = 0;
			defaultConfigurationName = Release;
		};
		E84EE4B82A6D12EB0045A804 /* Build configuration list for PBXNativeTarget "EnglishCameraTests" */ = {
			isa = XCConfigurationList;
			buildConfigurations = (
				E84EE4B92A6D12EB0045A804 /* Debug */,
				E84EE4BA2A6D12EB0045A804 /* Release */,
			);
			defaultConfigurationIsVisible = 0;
			defaultConfigurationName = Release;
		};
		E84EE4BB2A6D12EB0045A804 /* Build configuration list for PBXNativeTarget "EnglishCameraUITests" */ = {
			isa = XCConfigurationList;
			buildConfigurations = (
				E84EE4BC2A6D12EB0045A804 /* Debug */,
				E84EE4BD2A6D12EB0045A804 /* Release */,
			);
			defaultConfigurationIsVisible = 0;
			defaultConfigurationName = Release;
		};
/* End XCConfigurationList section */
	};
	rootObject = E84EE4892A6D12EA0045A804 /* Project object */;
}
