// !$*UTF8*$!
{
	archiveVersion = 1;
	classes = {
	};
	objectVersion = 56;
	objects = {

/* Begin PBXBuildFile section */
		76D29E7FA74542181212B959 /* Pods_EnglishCamera_EnglishCameraUITests.framework in Frameworks */ = {isa = PBXBuildFile; fileRef = A480D1749F7B4AD868224D21 /* Pods_EnglishCamera_EnglishCameraUITests.framework */; };
		BE303D298C16EB70C7ECE41E /* Pods_EnglishCamera.framework in Frameworks */ = {isa = PBXBuildFile; fileRef = 0E462B107B76AC1EF3B9298E /* Pods_EnglishCamera.framework */; };
		E822F7492A7941D6008BEC33 /* ChatGPT.swift in Sources */ = {isa = PBXBuildFile; fileRef = E822F7482A7941D6008BEC33 /* ChatGPT.swift */; };
		E822F74B2A7C75E5008BEC33 /* RealTimeImageClassificationView.swift in Sources */ = {isa = PBXBuildFile; fileRef = E822F74A2A7C75E5008BEC33 /* RealTimeImageClassificationView.swift */; };
		E822F74D2A7DF16E008BEC33 /* RealmWrapper.swift in Sources */ = {isa = PBXBuildFile; fileRef = E822F74C2A7DF16E008BEC33 /* RealmWrapper.swift */; };
		E822F7542A7DF220008BEC33 /* StudyHistory.swift in Sources */ = {isa = PBXBuildFile; fileRef = E822F7532A7DF220008BEC33 /* StudyHistory.swift */; };
		E822F7562A7DF258008BEC33 /* StudyHistoryDataSource.swift in Sources */ = {isa = PBXBuildFile; fileRef = E822F7552A7DF258008BEC33 /* StudyHistoryDataSource.swift */; };
		E822F7582A7DF27D008BEC33 /* DataSourceProtocol.swift in Sources */ = {isa = PBXBuildFile; fileRef = E822F7572A7DF27D008BEC33 /* DataSourceProtocol.swift */; };
		E822F75A2A7DF2BF008BEC33 /* StudyHistoryState.swift in Sources */ = {isa = PBXBuildFile; fileRef = E822F7592A7DF2BF008BEC33 /* StudyHistoryState.swift */; };
		E82724012A9CF4B400E34D5A /* ChatBottomActions.swift in Sources */ = {isa = PBXBuildFile; fileRef = E82724002A9CF4B400E34D5A /* ChatBottomActions.swift */; };
		E82724032A9CF79400E34D5A /* ChatHeader.swift in Sources */ = {isa = PBXBuildFile; fileRef = E82724022A9CF79400E34D5A /* ChatHeader.swift */; };
		E83E145E2A9A41CD00A440D2 /* Authenticator.swift in Sources */ = {isa = PBXBuildFile; fileRef = E83E145D2A9A41CD00A440D2 /* Authenticator.swift */; };
		E842B6232A7F423900961719 /* CameraStatus.swift in Sources */ = {isa = PBXBuildFile; fileRef = E842B6222A7F423900961719 /* CameraStatus.swift */; };
		E84318C12AA1BC5C006EB761 /* awsconfiguration.json in Resources */ = {isa = PBXBuildFile; fileRef = 9ABEB88D801950390007B3C3 /* awsconfiguration.json */; };
		E84318C42AA31A8F006EB761 /* VisionSpeakApiClient.swift in Sources */ = {isa = PBXBuildFile; fileRef = E84318C32AA31A8F006EB761 /* VisionSpeakApiClient.swift */; };
		E84EE4952A6D12EA0045A804 /* EnglishCameraApp.swift in Sources */ = {isa = PBXBuildFile; fileRef = E84EE4942A6D12EA0045A804 /* EnglishCameraApp.swift */; };
		E84EE4972A6D12EA0045A804 /* ContentView.swift in Sources */ = {isa = PBXBuildFile; fileRef = E84EE4962A6D12EA0045A804 /* ContentView.swift */; };
		E84EE4992A6D12EB0045A804 /* Assets.xcassets in Resources */ = {isa = PBXBuildFile; fileRef = E84EE4982A6D12EB0045A804 /* Assets.xcassets */; };
		E84EE49C2A6D12EB0045A804 /* Preview Assets.xcassets in Resources */ = {isa = PBXBuildFile; fileRef = E84EE49B2A6D12EB0045A804 /* Preview Assets.xcassets */; };
		E84EE4A62A6D12EB0045A804 /* EnglishCameraTests.swift in Sources */ = {isa = PBXBuildFile; fileRef = E84EE4A52A6D12EB0045A804 /* EnglishCameraTests.swift */; };
		E84EE4B02A6D12EB0045A804 /* EnglishCameraUITests.swift in Sources */ = {isa = PBXBuildFile; fileRef = E84EE4AF2A6D12EB0045A804 /* EnglishCameraUITests.swift */; };
		E84EE4B22A6D12EB0045A804 /* EnglishCameraUITestsLaunchTests.swift in Sources */ = {isa = PBXBuildFile; fileRef = E84EE4B12A6D12EB0045A804 /* EnglishCameraUITestsLaunchTests.swift */; };
		E84EE4C82A6D59C00045A804 /* VideoCapture.swift in Sources */ = {isa = PBXBuildFile; fileRef = E84EE4C72A6D59C00045A804 /* VideoCapture.swift */; };
		E84EE4CA2A6D5A4E0045A804 /* MLManager.swift in Sources */ = {isa = PBXBuildFile; fileRef = E84EE4C92A6D5A4E0045A804 /* MLManager.swift */; };
		E84EE4CE2A6D5DB60045A804 /* RealTimeImageClassificationViewModel.swift in Sources */ = {isa = PBXBuildFile; fileRef = E84EE4CD2A6D5DB60045A804 /* RealTimeImageClassificationViewModel.swift */; };
		E85286CC2A7E28FD00F23507 /* CameraView.swift in Sources */ = {isa = PBXBuildFile; fileRef = E85286CB2A7E28FD00F23507 /* CameraView.swift */; };
		E85286CE2A7E29F700F23507 /* StudyHistoryView.swift in Sources */ = {isa = PBXBuildFile; fileRef = E85286CD2A7E29F700F23507 /* StudyHistoryView.swift */; };
		E85286D02A7E60BE00F23507 /* Extensions.swift in Sources */ = {isa = PBXBuildFile; fileRef = E85286CF2A7E60BE00F23507 /* Extensions.swift */; };
		E8799D2D2A84C42000231BA1 /* RecordVoice.swift in Sources */ = {isa = PBXBuildFile; fileRef = E8799D2C2A84C42000231BA1 /* RecordVoice.swift */; };
		E8799D2F2A85D23400231BA1 /* AppValue.swift in Sources */ = {isa = PBXBuildFile; fileRef = E8799D2E2A85D23400231BA1 /* AppValue.swift */; };
		E8799D312A872FD200231BA1 /* Purchase.swift in Sources */ = {isa = PBXBuildFile; fileRef = E8799D302A872FD200231BA1 /* Purchase.swift */; };
		E8799D332A873C6000231BA1 /* MenuView.swift in Sources */ = {isa = PBXBuildFile; fileRef = E8799D322A873C6000231BA1 /* MenuView.swift */; };
		E8799D352A87512E00231BA1 /* PurchaseView.swift in Sources */ = {isa = PBXBuildFile; fileRef = E8799D342A87512E00231BA1 /* PurchaseView.swift */; };
		E8799D372A877FAF00231BA1 /* PurchaseViewModel.swift in Sources */ = {isa = PBXBuildFile; fileRef = E8799D362A877FAF00231BA1 /* PurchaseViewModel.swift */; };
		E88A5E782A8C45A0003D787F /* CloudVision.swift in Sources */ = {isa = PBXBuildFile; fileRef = E88A5E772A8C45A0003D787F /* CloudVision.swift */; };
		E8C92B342AB5E19100FBA45F /* FeedbackView.swift in Sources */ = {isa = PBXBuildFile; fileRef = E8C92B332AB5E19100FBA45F /* FeedbackView.swift */; };
		E8D2A93A2A7E8ED900EAD243 /* TextToSpeak.swift in Sources */ = {isa = PBXBuildFile; fileRef = E8D2A9392A7E8ED900EAD243 /* TextToSpeak.swift */; };
		E8D403372AAC72E700EC9A12 /* YOLOv3Tiny.mlmodel in Sources */ = {isa = PBXBuildFile; fileRef = E8D403362AAC72E700EC9A12 /* YOLOv3Tiny.mlmodel */; };
		E8D403392AAD5E0A00EC9A12 /* VocabularyView.swift in Sources */ = {isa = PBXBuildFile; fileRef = E8D403382AAD5E0A00EC9A12 /* VocabularyView.swift */; };
		E8D4033B2AAD5F0300EC9A12 /* Vocabulary.swift in Sources */ = {isa = PBXBuildFile; fileRef = E8D4033A2AAD5F0300EC9A12 /* Vocabulary.swift */; };
		E8D4033D2AAD67FF00EC9A12 /* ChatMessages.swift in Sources */ = {isa = PBXBuildFile; fileRef = E8D4033C2AAD67FF00EC9A12 /* ChatMessages.swift */; };
		E8D4033F2AAD685500EC9A12 /* VocabularySettingView.swift in Sources */ = {isa = PBXBuildFile; fileRef = E8D4033E2AAD685500EC9A12 /* VocabularySettingView.swift */; };
		E8D403432AAD795700EC9A12 /* VocabularyState.swift in Sources */ = {isa = PBXBuildFile; fileRef = E8D403422AAD795700EC9A12 /* VocabularyState.swift */; };
		E8D403452AAD796600EC9A12 /* VocabularyDataSource.swift in Sources */ = {isa = PBXBuildFile; fileRef = E8D403442AAD796600EC9A12 /* VocabularyDataSource.swift */; };
		E8D403472AAD7FBD00EC9A12 /* VocabularyHistoryList.swift in Sources */ = {isa = PBXBuildFile; fileRef = E8D403462AAD7FBD00EC9A12 /* VocabularyHistoryList.swift */; };
		E8D403492AAD85E200EC9A12 /* VocabularySearchView.swift in Sources */ = {isa = PBXBuildFile; fileRef = E8D403482AAD85E200EC9A12 /* VocabularySearchView.swift */; };
		E8D4034B2AADE29700EC9A12 /* SearchVocabulary.swift in Sources */ = {isa = PBXBuildFile; fileRef = E8D4034A2AADE29700EC9A12 /* SearchVocabulary.swift */; };
		E8D4034D2AB09B5E00EC9A12 /* SearchVocabularyViewModel.swift in Sources */ = {isa = PBXBuildFile; fileRef = E8D4034C2AB09B5E00EC9A12 /* SearchVocabularyViewModel.swift */; };
		FC88BA9F5067822C5DDE4BE8 /* Pods_EnglishCameraTests.framework in Frameworks */ = {isa = PBXBuildFile; fileRef = 9087BDE84D62DFF240AE7820 /* Pods_EnglishCameraTests.framework */; };
/* End PBXBuildFile section */

/* Begin PBXContainerItemProxy section */
		E84EE4A22A6D12EB0045A804 /* PBXContainerItemProxy */ = {
			isa = PBXContainerItemProxy;
			containerPortal = E84EE4892A6D12EA0045A804 /* Project object */;
			proxyType = 1;
			remoteGlobalIDString = E84EE4902A6D12EA0045A804;
			remoteInfo = EnglishCamera;
		};
		E84EE4AC2A6D12EB0045A804 /* PBXContainerItemProxy */ = {
			isa = PBXContainerItemProxy;
			containerPortal = E84EE4892A6D12EA0045A804 /* Project object */;
			proxyType = 1;
			remoteGlobalIDString = E84EE4902A6D12EA0045A804;
			remoteInfo = EnglishCamera;
		};
/* End PBXContainerItemProxy section */

/* Begin PBXFileReference section */
		0E462B107B76AC1EF3B9298E /* Pods_EnglishCamera.framework */ = {isa = PBXFileReference; explicitFileType = wrapper.framework; includeInIndex = 0; path = Pods_EnglishCamera.framework; sourceTree = BUILT_PRODUCTS_DIR; };
		55FAF12DEEF7E0BBC1A731AA /* Pods-EnglishCameraTests.release.xcconfig */ = {isa = PBXFileReference; includeInIndex = 1; lastKnownFileType = text.xcconfig; name = "Pods-EnglishCameraTests.release.xcconfig"; path = "Target Support Files/Pods-EnglishCameraTests/Pods-EnglishCameraTests.release.xcconfig"; sourceTree = "<group>"; };
		71D2C48FDF4DA26BE46BE652 /* Pods-EnglishCamera-EnglishCameraUITests.debug.xcconfig */ = {isa = PBXFileReference; includeInIndex = 1; lastKnownFileType = text.xcconfig; name = "Pods-EnglishCamera-EnglishCameraUITests.debug.xcconfig"; path = "Target Support Files/Pods-EnglishCamera-EnglishCameraUITests/Pods-EnglishCamera-EnglishCameraUITests.debug.xcconfig"; sourceTree = "<group>"; };
		9087BDE84D62DFF240AE7820 /* Pods_EnglishCameraTests.framework */ = {isa = PBXFileReference; explicitFileType = wrapper.framework; includeInIndex = 0; path = Pods_EnglishCameraTests.framework; sourceTree = BUILT_PRODUCTS_DIR; };
		9313194BEC8CAD952A9CF8CB /* Pods-EnglishCameraTests.debug.xcconfig */ = {isa = PBXFileReference; includeInIndex = 1; lastKnownFileType = text.xcconfig; name = "Pods-EnglishCameraTests.debug.xcconfig"; path = "Target Support Files/Pods-EnglishCameraTests/Pods-EnglishCameraTests.debug.xcconfig"; sourceTree = "<group>"; };
		95AD48480D6C567A8014A9EC /* amplifyconfiguration.json */ = {isa = PBXFileReference; explicitFileType = text.json; path = amplifyconfiguration.json; sourceTree = "<group>"; };
		9ABEB88D801950390007B3C3 /* awsconfiguration.json */ = {isa = PBXFileReference; explicitFileType = text.json; path = awsconfiguration.json; sourceTree = "<group>"; };
		A480D1749F7B4AD868224D21 /* Pods_EnglishCamera_EnglishCameraUITests.framework */ = {isa = PBXFileReference; explicitFileType = wrapper.framework; includeInIndex = 0; path = Pods_EnglishCamera_EnglishCameraUITests.framework; sourceTree = BUILT_PRODUCTS_DIR; };
		C9D06DFDC5E882CAADB91E52 /* Pods-EnglishCamera-EnglishCameraUITests.release.xcconfig */ = {isa = PBXFileReference; includeInIndex = 1; lastKnownFileType = text.xcconfig; name = "Pods-EnglishCamera-EnglishCameraUITests.release.xcconfig"; path = "Target Support Files/Pods-EnglishCamera-EnglishCameraUITests/Pods-EnglishCamera-EnglishCameraUITests.release.xcconfig"; sourceTree = "<group>"; };
		D64A022782F20C7479D367BC /* Pods-EnglishCamera.release.xcconfig */ = {isa = PBXFileReference; includeInIndex = 1; lastKnownFileType = text.xcconfig; name = "Pods-EnglishCamera.release.xcconfig"; path = "Target Support Files/Pods-EnglishCamera/Pods-EnglishCamera.release.xcconfig"; sourceTree = "<group>"; };
		E822F7482A7941D6008BEC33 /* ChatGPT.swift */ = {isa = PBXFileReference; lastKnownFileType = sourcecode.swift; path = ChatGPT.swift; sourceTree = "<group>"; };
		E822F74A2A7C75E5008BEC33 /* RealTimeImageClassificationView.swift */ = {isa = PBXFileReference; lastKnownFileType = sourcecode.swift; path = RealTimeImageClassificationView.swift; sourceTree = "<group>"; };
		E822F74C2A7DF16E008BEC33 /* RealmWrapper.swift */ = {isa = PBXFileReference; lastKnownFileType = sourcecode.swift; path = RealmWrapper.swift; sourceTree = "<group>"; };
		E822F7532A7DF220008BEC33 /* StudyHistory.swift */ = {isa = PBXFileReference; lastKnownFileType = sourcecode.swift; path = StudyHistory.swift; sourceTree = "<group>"; };
		E822F7552A7DF258008BEC33 /* StudyHistoryDataSource.swift */ = {isa = PBXFileReference; lastKnownFileType = sourcecode.swift; path = StudyHistoryDataSource.swift; sourceTree = "<group>"; };
		E822F7572A7DF27D008BEC33 /* DataSourceProtocol.swift */ = {isa = PBXFileReference; lastKnownFileType = sourcecode.swift; path = DataSourceProtocol.swift; sourceTree = "<group>"; };
		E822F7592A7DF2BF008BEC33 /* StudyHistoryState.swift */ = {isa = PBXFileReference; lastKnownFileType = sourcecode.swift; path = StudyHistoryState.swift; sourceTree = "<group>"; };
		E82724002A9CF4B400E34D5A /* ChatBottomActions.swift */ = {isa = PBXFileReference; lastKnownFileType = sourcecode.swift; path = ChatBottomActions.swift; sourceTree = "<group>"; };
		E82724022A9CF79400E34D5A /* ChatHeader.swift */ = {isa = PBXFileReference; lastKnownFileType = sourcecode.swift; path = ChatHeader.swift; sourceTree = "<group>"; };
		E83E145D2A9A41CD00A440D2 /* Authenticator.swift */ = {isa = PBXFileReference; lastKnownFileType = sourcecode.swift; path = Authenticator.swift; sourceTree = "<group>"; };
		E842B6222A7F423900961719 /* CameraStatus.swift */ = {isa = PBXFileReference; lastKnownFileType = sourcecode.swift; path = CameraStatus.swift; sourceTree = "<group>"; };
		E84318C32AA31A8F006EB761 /* VisionSpeakApiClient.swift */ = {isa = PBXFileReference; lastKnownFileType = sourcecode.swift; path = VisionSpeakApiClient.swift; sourceTree = "<group>"; };
		E84EE4912A6D12EA0045A804 /* EnglishCamera.app */ = {isa = PBXFileReference; explicitFileType = wrapper.application; includeInIndex = 0; path = EnglishCamera.app; sourceTree = BUILT_PRODUCTS_DIR; };
		E84EE4942A6D12EA0045A804 /* EnglishCameraApp.swift */ = {isa = PBXFileReference; lastKnownFileType = sourcecode.swift; path = EnglishCameraApp.swift; sourceTree = "<group>"; };
		E84EE4962A6D12EA0045A804 /* ContentView.swift */ = {isa = PBXFileReference; lastKnownFileType = sourcecode.swift; path = ContentView.swift; sourceTree = "<group>"; };
		E84EE4982A6D12EB0045A804 /* Assets.xcassets */ = {isa = PBXFileReference; lastKnownFileType = folder.assetcatalog; path = Assets.xcassets; sourceTree = "<group>"; };
		E84EE49B2A6D12EB0045A804 /* Preview Assets.xcassets */ = {isa = PBXFileReference; lastKnownFileType = folder.assetcatalog; path = "Preview Assets.xcassets"; sourceTree = "<group>"; };
		E84EE4A12A6D12EB0045A804 /* EnglishCameraTests.xctest */ = {isa = PBXFileReference; explicitFileType = wrapper.cfbundle; includeInIndex = 0; path = EnglishCameraTests.xctest; sourceTree = BUILT_PRODUCTS_DIR; };
		E84EE4A52A6D12EB0045A804 /* EnglishCameraTests.swift */ = {isa = PBXFileReference; lastKnownFileType = sourcecode.swift; path = EnglishCameraTests.swift; sourceTree = "<group>"; };
		E84EE4AB2A6D12EB0045A804 /* EnglishCameraUITests.xctest */ = {isa = PBXFileReference; explicitFileType = wrapper.cfbundle; includeInIndex = 0; path = EnglishCameraUITests.xctest; sourceTree = BUILT_PRODUCTS_DIR; };
		E84EE4AF2A6D12EB0045A804 /* EnglishCameraUITests.swift */ = {isa = PBXFileReference; lastKnownFileType = sourcecode.swift; path = EnglishCameraUITests.swift; sourceTree = "<group>"; };
		E84EE4B12A6D12EB0045A804 /* EnglishCameraUITestsLaunchTests.swift */ = {isa = PBXFileReference; lastKnownFileType = sourcecode.swift; path = EnglishCameraUITestsLaunchTests.swift; sourceTree = "<group>"; };
		E84EE4C72A6D59C00045A804 /* VideoCapture.swift */ = {isa = PBXFileReference; lastKnownFileType = sourcecode.swift; path = VideoCapture.swift; sourceTree = "<group>"; };
		E84EE4C92A6D5A4E0045A804 /* MLManager.swift */ = {isa = PBXFileReference; lastKnownFileType = sourcecode.swift; path = MLManager.swift; sourceTree = "<group>"; };
		E84EE4CD2A6D5DB60045A804 /* RealTimeImageClassificationViewModel.swift */ = {isa = PBXFileReference; lastKnownFileType = sourcecode.swift; path = RealTimeImageClassificationViewModel.swift; sourceTree = "<group>"; };
		E85286CB2A7E28FD00F23507 /* CameraView.swift */ = {isa = PBXFileReference; lastKnownFileType = sourcecode.swift; path = CameraView.swift; sourceTree = "<group>"; };
		E85286CD2A7E29F700F23507 /* StudyHistoryView.swift */ = {isa = PBXFileReference; lastKnownFileType = sourcecode.swift; path = StudyHistoryView.swift; sourceTree = "<group>"; };
		E85286CF2A7E60BE00F23507 /* Extensions.swift */ = {isa = PBXFileReference; lastKnownFileType = sourcecode.swift; path = Extensions.swift; sourceTree = "<group>"; };
		E8799D2C2A84C42000231BA1 /* RecordVoice.swift */ = {isa = PBXFileReference; lastKnownFileType = sourcecode.swift; path = RecordVoice.swift; sourceTree = "<group>"; };
		E8799D2E2A85D23400231BA1 /* AppValue.swift */ = {isa = PBXFileReference; lastKnownFileType = sourcecode.swift; path = AppValue.swift; sourceTree = "<group>"; };
		E8799D302A872FD200231BA1 /* Purchase.swift */ = {isa = PBXFileReference; lastKnownFileType = sourcecode.swift; path = Purchase.swift; sourceTree = "<group>"; };
		E8799D322A873C6000231BA1 /* MenuView.swift */ = {isa = PBXFileReference; lastKnownFileType = sourcecode.swift; path = MenuView.swift; sourceTree = "<group>"; };
		E8799D342A87512E00231BA1 /* PurchaseView.swift */ = {isa = PBXFileReference; lastKnownFileType = sourcecode.swift; path = PurchaseView.swift; sourceTree = "<group>"; };
		E8799D362A877FAF00231BA1 /* PurchaseViewModel.swift */ = {isa = PBXFileReference; lastKnownFileType = sourcecode.swift; path = PurchaseViewModel.swift; sourceTree = "<group>"; };
		E88A5E772A8C45A0003D787F /* CloudVision.swift */ = {isa = PBXFileReference; lastKnownFileType = sourcecode.swift; path = CloudVision.swift; sourceTree = "<group>"; };
		E8C92B332AB5E19100FBA45F /* FeedbackView.swift */ = {isa = PBXFileReference; lastKnownFileType = sourcecode.swift; path = FeedbackView.swift; sourceTree = "<group>"; };
		E8C92B352AB9DB7000FBA45F /* StoreKit.storekit */ = {isa = PBXFileReference; lastKnownFileType = text; path = StoreKit.storekit; sourceTree = "<group>"; };
		E8D2A9392A7E8ED900EAD243 /* TextToSpeak.swift */ = {isa = PBXFileReference; lastKnownFileType = sourcecode.swift; path = TextToSpeak.swift; sourceTree = "<group>"; };
		E8D403362AAC72E700EC9A12 /* YOLOv3Tiny.mlmodel */ = {isa = PBXFileReference; lastKnownFileType = file.mlmodel; path = YOLOv3Tiny.mlmodel; sourceTree = "<group>"; };
		E8D403382AAD5E0A00EC9A12 /* VocabularyView.swift */ = {isa = PBXFileReference; lastKnownFileType = sourcecode.swift; path = VocabularyView.swift; sourceTree = "<group>"; };
		E8D4033A2AAD5F0300EC9A12 /* Vocabulary.swift */ = {isa = PBXFileReference; lastKnownFileType = sourcecode.swift; path = Vocabulary.swift; sourceTree = "<group>"; };
		E8D4033C2AAD67FF00EC9A12 /* ChatMessages.swift */ = {isa = PBXFileReference; lastKnownFileType = sourcecode.swift; path = ChatMessages.swift; sourceTree = "<group>"; };
		E8D4033E2AAD685500EC9A12 /* VocabularySettingView.swift */ = {isa = PBXFileReference; lastKnownFileType = sourcecode.swift; path = VocabularySettingView.swift; sourceTree = "<group>"; };
		E8D403422AAD795700EC9A12 /* VocabularyState.swift */ = {isa = PBXFileReference; lastKnownFileType = sourcecode.swift; path = VocabularyState.swift; sourceTree = "<group>"; };
		E8D403442AAD796600EC9A12 /* VocabularyDataSource.swift */ = {isa = PBXFileReference; lastKnownFileType = sourcecode.swift; path = VocabularyDataSource.swift; sourceTree = "<group>"; };
		E8D403462AAD7FBD00EC9A12 /* VocabularyHistoryList.swift */ = {isa = PBXFileReference; lastKnownFileType = sourcecode.swift; path = VocabularyHistoryList.swift; sourceTree = "<group>"; };
		E8D403482AAD85E200EC9A12 /* VocabularySearchView.swift */ = {isa = PBXFileReference; lastKnownFileType = sourcecode.swift; path = VocabularySearchView.swift; sourceTree = "<group>"; };
		E8D4034A2AADE29700EC9A12 /* SearchVocabulary.swift */ = {isa = PBXFileReference; lastKnownFileType = sourcecode.swift; path = SearchVocabulary.swift; sourceTree = "<group>"; };
		E8D4034C2AB09B5E00EC9A12 /* SearchVocabularyViewModel.swift */ = {isa = PBXFileReference; lastKnownFileType = sourcecode.swift; path = SearchVocabularyViewModel.swift; sourceTree = "<group>"; };
		EC2575AEFB0F79F7CE072B3E /* Pods-EnglishCamera.debug.xcconfig */ = {isa = PBXFileReference; includeInIndex = 1; lastKnownFileType = text.xcconfig; name = "Pods-EnglishCamera.debug.xcconfig"; path = "Target Support Files/Pods-EnglishCamera/Pods-EnglishCamera.debug.xcconfig"; sourceTree = "<group>"; };
/* End PBXFileReference section */

/* Begin PBXFrameworksBuildPhase section */
		E84EE48E2A6D12EA0045A804 /* Frameworks */ = {
			isa = PBXFrameworksBuildPhase;
			buildActionMask = 2147483647;
			files = (
				BE303D298C16EB70C7ECE41E /* Pods_EnglishCamera.framework in Frameworks */,
			);
			runOnlyForDeploymentPostprocessing = 0;
		};
		E84EE49E2A6D12EB0045A804 /* Frameworks */ = {
			isa = PBXFrameworksBuildPhase;
			buildActionMask = 2147483647;
			files = (
				FC88BA9F5067822C5DDE4BE8 /* Pods_EnglishCameraTests.framework in Frameworks */,
			);
			runOnlyForDeploymentPostprocessing = 0;
		};
		E84EE4A82A6D12EB0045A804 /* Frameworks */ = {
			isa = PBXFrameworksBuildPhase;
			buildActionMask = 2147483647;
			files = (
				76D29E7FA74542181212B959 /* Pods_EnglishCamera_EnglishCameraUITests.framework in Frameworks */,
			);
			runOnlyForDeploymentPostprocessing = 0;
		};
/* End PBXFrameworksBuildPhase section */

/* Begin PBXGroup section */
		7DD44967B25D5F6B598941F9 /* AmplifyConfig */ = {
			isa = PBXGroup;
			children = (
				9ABEB88D801950390007B3C3 /* awsconfiguration.json */,
				95AD48480D6C567A8014A9EC /* amplifyconfiguration.json */,
			);
			name = AmplifyConfig;
			sourceTree = "<group>";
		};
		95CF0340D3D488BDAE5F474B /* Frameworks */ = {
			isa = PBXGroup;
			children = (
				0E462B107B76AC1EF3B9298E /* Pods_EnglishCamera.framework */,
				A480D1749F7B4AD868224D21 /* Pods_EnglishCamera_EnglishCameraUITests.framework */,
				9087BDE84D62DFF240AE7820 /* Pods_EnglishCameraTests.framework */,
			);
			name = Frameworks;
			sourceTree = "<group>";
		};
		99B4F7D8ED2262DC6FBEA32D /* Pods */ = {
			isa = PBXGroup;
			children = (
				EC2575AEFB0F79F7CE072B3E /* Pods-EnglishCamera.debug.xcconfig */,
				D64A022782F20C7479D367BC /* Pods-EnglishCamera.release.xcconfig */,
				71D2C48FDF4DA26BE46BE652 /* Pods-EnglishCamera-EnglishCameraUITests.debug.xcconfig */,
				C9D06DFDC5E882CAADB91E52 /* Pods-EnglishCamera-EnglishCameraUITests.release.xcconfig */,
				9313194BEC8CAD952A9CF8CB /* Pods-EnglishCameraTests.debug.xcconfig */,
				55FAF12DEEF7E0BBC1A731AA /* Pods-EnglishCameraTests.release.xcconfig */,
			);
			path = Pods;
			sourceTree = "<group>";
		};
		E822F75B2A7DF34D008BEC33 /* DataSource */ = {
			isa = PBXGroup;
			children = (
				E8D403412AAD793C00EC9A12 /* Vocabulary */,
				E8D403402AAD792B00EC9A12 /* StudyHistory */,
				E822F74C2A7DF16E008BEC33 /* RealmWrapper.swift */,
				E822F7572A7DF27D008BEC33 /* DataSourceProtocol.swift */,
			);
			path = DataSource;
			sourceTree = "<group>";
		};
		E822F75C2A7DF380008BEC33 /* Model */ = {
			isa = PBXGroup;
			children = (
				E84EE4C72A6D59C00045A804 /* VideoCapture.swift */,
				E84EE4C92A6D5A4E0045A804 /* MLManager.swift */,
				E822F7482A7941D6008BEC33 /* ChatGPT.swift */,
				E8D2A9392A7E8ED900EAD243 /* TextToSpeak.swift */,
				E8799D2C2A84C42000231BA1 /* RecordVoice.swift */,
				E88A5E772A8C45A0003D787F /* CloudVision.swift */,
				E83E145D2A9A41CD00A440D2 /* Authenticator.swift */,
				E8D4034A2AADE29700EC9A12 /* SearchVocabulary.swift */,
			);
			path = Model;
			sourceTree = "<group>";
		};
		E82723FF2A9CF49D00E34D5A /* Widget */ = {
			isa = PBXGroup;
			children = (
				E82724002A9CF4B400E34D5A /* ChatBottomActions.swift */,
				E82724022A9CF79400E34D5A /* ChatHeader.swift */,
				E8D403382AAD5E0A00EC9A12 /* VocabularyView.swift */,
				E8D4033C2AAD67FF00EC9A12 /* ChatMessages.swift */,
				E8D403462AAD7FBD00EC9A12 /* VocabularyHistoryList.swift */,
			);
			path = Widget;
			sourceTree = "<group>";
		};
		E84318C22AA31A68006EB761 /* Client */ = {
			isa = PBXGroup;
			children = (
				E84318C32AA31A8F006EB761 /* VisionSpeakApiClient.swift */,
			);
			path = Client;
			sourceTree = "<group>";
		};
		E84EE4882A6D12EA0045A804 = {
			isa = PBXGroup;
			children = (
				E8C92B352AB9DB7000FBA45F /* StoreKit.storekit */,
				E84EE4932A6D12EA0045A804 /* EnglishCamera */,
				E84EE4A42A6D12EB0045A804 /* EnglishCameraTests */,
				E84EE4AE2A6D12EB0045A804 /* EnglishCameraUITests */,
				E84EE4922A6D12EA0045A804 /* Products */,
				99B4F7D8ED2262DC6FBEA32D /* Pods */,
				7DD44967B25D5F6B598941F9 /* AmplifyConfig */,
				95CF0340D3D488BDAE5F474B /* Frameworks */,
			);
			sourceTree = "<group>";
		};
		E84EE4922A6D12EA0045A804 /* Products */ = {
			isa = PBXGroup;
			children = (
				E84EE4912A6D12EA0045A804 /* EnglishCamera.app */,
				E84EE4A12A6D12EB0045A804 /* EnglishCameraTests.xctest */,
				E84EE4AB2A6D12EB0045A804 /* EnglishCameraUITests.xctest */,
			);
			name = Products;
			sourceTree = "<group>";
		};
		E84EE4932A6D12EA0045A804 /* EnglishCamera */ = {
			isa = PBXGroup;
			children = (
				E8D403362AAC72E700EC9A12 /* YOLOv3Tiny.mlmodel */,
				E84318C22AA31A68006EB761 /* Client */,
				E85286CA2A7E274500F23507 /* ViewModel */,
				E85286C92A7E272D00F23507 /* View */,
				E822F75C2A7DF380008BEC33 /* Model */,
				E822F75B2A7DF34D008BEC33 /* DataSource */,
				E84EE4942A6D12EA0045A804 /* EnglishCameraApp.swift */,
				E84EE4982A6D12EB0045A804 /* Assets.xcassets */,
				E84EE49A2A6D12EB0045A804 /* Preview Content */,
				E85286CF2A7E60BE00F23507 /* Extensions.swift */,
				E842B6222A7F423900961719 /* CameraStatus.swift */,
				E8799D2E2A85D23400231BA1 /* AppValue.swift */,
				E8799D302A872FD200231BA1 /* Purchase.swift */,
			);
			path = EnglishCamera;
			sourceTree = "<group>";
		};
		E84EE49A2A6D12EB0045A804 /* Preview Content */ = {
			isa = PBXGroup;
			children = (
				E84EE49B2A6D12EB0045A804 /* Preview Assets.xcassets */,
			);
			path = "Preview Content";
			sourceTree = "<group>";
		};
		E84EE4A42A6D12EB0045A804 /* EnglishCameraTests */ = {
			isa = PBXGroup;
			children = (
				E84EE4A52A6D12EB0045A804 /* EnglishCameraTests.swift */,
			);
			path = EnglishCameraTests;
			sourceTree = "<group>";
		};
		E84EE4AE2A6D12EB0045A804 /* EnglishCameraUITests */ = {
			isa = PBXGroup;
			children = (
				E84EE4AF2A6D12EB0045A804 /* EnglishCameraUITests.swift */,
				E84EE4B12A6D12EB0045A804 /* EnglishCameraUITestsLaunchTests.swift */,
			);
			path = EnglishCameraUITests;
			sourceTree = "<group>";
		};
		E85286C92A7E272D00F23507 /* View */ = {
			isa = PBXGroup;
			children = (
				E82723FF2A9CF49D00E34D5A /* Widget */,
				E84EE4962A6D12EA0045A804 /* ContentView.swift */,
				E822F74A2A7C75E5008BEC33 /* RealTimeImageClassificationView.swift */,
				E85286CB2A7E28FD00F23507 /* CameraView.swift */,
				E85286CD2A7E29F700F23507 /* StudyHistoryView.swift */,
				E8799D322A873C6000231BA1 /* MenuView.swift */,
				E8799D342A87512E00231BA1 /* PurchaseView.swift */,
				E8D4033E2AAD685500EC9A12 /* VocabularySettingView.swift */,
				E8D403482AAD85E200EC9A12 /* VocabularySearchView.swift */,
				E8C92B332AB5E19100FBA45F /* FeedbackView.swift */,
			);
			path = View;
			sourceTree = "<group>";
		};
		E85286CA2A7E274500F23507 /* ViewModel */ = {
			isa = PBXGroup;
			children = (
				E84EE4CD2A6D5DB60045A804 /* RealTimeImageClassificationViewModel.swift */,
				E8799D362A877FAF00231BA1 /* PurchaseViewModel.swift */,
				E8D4034C2AB09B5E00EC9A12 /* SearchVocabularyViewModel.swift */,
			);
			path = ViewModel;
			sourceTree = "<group>";
		};
		E8D403402AAD792B00EC9A12 /* StudyHistory */ = {
			isa = PBXGroup;
			children = (
				E822F7532A7DF220008BEC33 /* StudyHistory.swift */,
				E822F7592A7DF2BF008BEC33 /* StudyHistoryState.swift */,
				E822F7552A7DF258008BEC33 /* StudyHistoryDataSource.swift */,
			);
			path = StudyHistory;
			sourceTree = "<group>";
		};
		E8D403412AAD793C00EC9A12 /* Vocabulary */ = {
			isa = PBXGroup;
			children = (
				E8D4033A2AAD5F0300EC9A12 /* Vocabulary.swift */,
				E8D403422AAD795700EC9A12 /* VocabularyState.swift */,
				E8D403442AAD796600EC9A12 /* VocabularyDataSource.swift */,
			);
			path = Vocabulary;
			sourceTree = "<group>";
		};
/* End PBXGroup section */

/* Begin PBXNativeTarget section */
		E84EE4902A6D12EA0045A804 /* EnglishCamera */ = {
			isa = PBXNativeTarget;
			buildConfigurationList = E84EE4B52A6D12EB0045A804 /* Build configuration list for PBXNativeTarget "EnglishCamera" */;
			buildPhases = (
				1CFC7F6F9A1124E037C39C7A /* [CP] Check Pods Manifest.lock */,
				E84EE48D2A6D12EA0045A804 /* Sources */,
				E84EE48E2A6D12EA0045A804 /* Frameworks */,
				E84EE48F2A6D12EA0045A804 /* Resources */,
				6B7A46474E318C004FCC53F5 /* [CP] Embed Pods Frameworks */,
			);
			buildRules = (
			);
			dependencies = (
			);
			name = EnglishCamera;
			productName = EnglishCamera;
			productReference = E84EE4912A6D12EA0045A804 /* EnglishCamera.app */;
			productType = "com.apple.product-type.application";
		};
		E84EE4A02A6D12EB0045A804 /* EnglishCameraTests */ = {
			isa = PBXNativeTarget;
			buildConfigurationList = E84EE4B82A6D12EB0045A804 /* Build configuration list for PBXNativeTarget "EnglishCameraTests" */;
			buildPhases = (
				7A0B1221CE70C4D846F5C4E4 /* [CP] Check Pods Manifest.lock */,
				E84EE49D2A6D12EB0045A804 /* Sources */,
				E84EE49E2A6D12EB0045A804 /* Frameworks */,
				E84EE49F2A6D12EB0045A804 /* Resources */,
			);
			buildRules = (
			);
			dependencies = (
				E84EE4A32A6D12EB0045A804 /* PBXTargetDependency */,
			);
			name = EnglishCameraTests;
			productName = EnglishCameraTests;
			productReference = E84EE4A12A6D12EB0045A804 /* EnglishCameraTests.xctest */;
			productType = "com.apple.product-type.bundle.unit-test";
		};
		E84EE4AA2A6D12EB0045A804 /* EnglishCameraUITests */ = {
			isa = PBXNativeTarget;
			buildConfigurationList = E84EE4BB2A6D12EB0045A804 /* Build configuration list for PBXNativeTarget "EnglishCameraUITests" */;
			buildPhases = (
				496AAF964FE54FEACAC96A5B /* [CP] Check Pods Manifest.lock */,
				E84EE4A72A6D12EB0045A804 /* Sources */,
				E84EE4A82A6D12EB0045A804 /* Frameworks */,
				E84EE4A92A6D12EB0045A804 /* Resources */,
				CE19CA98EB5F894FBEB8DCF6 /* [CP] Embed Pods Frameworks */,
			);
			buildRules = (
			);
			dependencies = (
				E84EE4AD2A6D12EB0045A804 /* PBXTargetDependency */,
			);
			name = EnglishCameraUITests;
			productName = EnglishCameraUITests;
			productReference = E84EE4AB2A6D12EB0045A804 /* EnglishCameraUITests.xctest */;
			productType = "com.apple.product-type.bundle.ui-testing";
		};
/* End PBXNativeTarget section */

/* Begin PBXProject section */
		E84EE4892A6D12EA0045A804 /* Project object */ = {
			isa = PBXProject;
			attributes = {
				BuildIndependentTargetsInParallel = 1;
				LastSwiftUpdateCheck = 1430;
				LastUpgradeCheck = 1430;
				TargetAttributes = {
					E84EE4902A6D12EA0045A804 = {
						CreatedOnToolsVersion = 14.3.1;
					};
					E84EE4A02A6D12EB0045A804 = {
						CreatedOnToolsVersion = 14.3.1;
						TestTargetID = E84EE4902A6D12EA0045A804;
					};
					E84EE4AA2A6D12EB0045A804 = {
						CreatedOnToolsVersion = 14.3.1;
						TestTargetID = E84EE4902A6D12EA0045A804;
					};
				};
			};
			buildConfigurationList = E84EE48C2A6D12EA0045A804 /* Build configuration list for PBXProject "EnglishCamera" */;
			compatibilityVersion = "Xcode 14.0";
			developmentRegion = en;
			hasScannedForEncodings = 0;
			knownRegions = (
				en,
				Base,
			);
			mainGroup = E84EE4882A6D12EA0045A804;
			packageReferences = (
				E822F74E2A7DF209008BEC33 /* XCRemoteSwiftPackageReference "realm-swift" */,
				E8F89CCE2A99F07D00D0F458 /* XCRemoteSwiftPackageReference "amplify-swift" */,
			);
			productRefGroup = E84EE4922A6D12EA0045A804 /* Products */;
			projectDirPath = "";
			projectRoot = "";
			targets = (
				E84EE4902A6D12EA0045A804 /* EnglishCamera */,
				E84EE4A02A6D12EB0045A804 /* EnglishCameraTests */,
				E84EE4AA2A6D12EB0045A804 /* EnglishCameraUITests */,
			);
		};
/* End PBXProject section */

/* Begin PBXResourcesBuildPhase section */
		E84EE48F2A6D12EA0045A804 /* Resources */ = {
			isa = PBXResourcesBuildPhase;
			buildActionMask = 2147483647;
			files = (
				E84318C12AA1BC5C006EB761 /* awsconfiguration.json in Resources */,
				E84EE49C2A6D12EB0045A804 /* Preview Assets.xcassets in Resources */,
				E84EE4992A6D12EB0045A804 /* Assets.xcassets in Resources */,
			);
			runOnlyForDeploymentPostprocessing = 0;
		};
		E84EE49F2A6D12EB0045A804 /* Resources */ = {
			isa = PBXResourcesBuildPhase;
			buildActionMask = 2147483647;
			files = (
			);
			runOnlyForDeploymentPostprocessing = 0;
		};
		E84EE4A92A6D12EB0045A804 /* Resources */ = {
			isa = PBXResourcesBuildPhase;
			buildActionMask = 2147483647;
			files = (
			);
			runOnlyForDeploymentPostprocessing = 0;
		};
/* End PBXResourcesBuildPhase section */

/* Begin PBXShellScriptBuildPhase section */
		1CFC7F6F9A1124E037C39C7A /* [CP] Check Pods Manifest.lock */ = {
			isa = PBXShellScriptBuildPhase;
			buildActionMask = 2147483647;
			files = (
			);
			inputFileListPaths = (
			);
			inputPaths = (
				"${PODS_PODFILE_DIR_PATH}/Podfile.lock",
				"${PODS_ROOT}/Manifest.lock",
			);
			name = "[CP] Check Pods Manifest.lock";
			outputFileListPaths = (
			);
			outputPaths = (
				"$(DERIVED_FILE_DIR)/Pods-EnglishCamera-checkManifestLockResult.txt",
			);
			runOnlyForDeploymentPostprocessing = 0;
			shellPath = /bin/sh;
			shellScript = "diff \"${PODS_PODFILE_DIR_PATH}/Podfile.lock\" \"${PODS_ROOT}/Manifest.lock\" > /dev/null\nif [ $? != 0 ] ; then\n    # print error to STDERR\n    echo \"error: The sandbox is not in sync with the Podfile.lock. Run 'pod install' or update your CocoaPods installation.\" >&2\n    exit 1\nfi\n# This output is used by Xcode 'outputs' to avoid re-running this script phase.\necho \"SUCCESS\" > \"${SCRIPT_OUTPUT_FILE_0}\"\n";
			showEnvVarsInLog = 0;
		};
		496AAF964FE54FEACAC96A5B /* [CP] Check Pods Manifest.lock */ = {
			isa = PBXShellScriptBuildPhase;
			buildActionMask = 2147483647;
			files = (
			);
			inputFileListPaths = (
			);
			inputPaths = (
				"${PODS_PODFILE_DIR_PATH}/Podfile.lock",
				"${PODS_ROOT}/Manifest.lock",
			);
			name = "[CP] Check Pods Manifest.lock";
			outputFileListPaths = (
			);
			outputPaths = (
				"$(DERIVED_FILE_DIR)/Pods-EnglishCamera-EnglishCameraUITests-checkManifestLockResult.txt",
			);
			runOnlyForDeploymentPostprocessing = 0;
			shellPath = /bin/sh;
			shellScript = "diff \"${PODS_PODFILE_DIR_PATH}/Podfile.lock\" \"${PODS_ROOT}/Manifest.lock\" > /dev/null\nif [ $? != 0 ] ; then\n    # print error to STDERR\n    echo \"error: The sandbox is not in sync with the Podfile.lock. Run 'pod install' or update your CocoaPods installation.\" >&2\n    exit 1\nfi\n# This output is used by Xcode 'outputs' to avoid re-running this script phase.\necho \"SUCCESS\" > \"${SCRIPT_OUTPUT_FILE_0}\"\n";
			showEnvVarsInLog = 0;
		};
		6B7A46474E318C004FCC53F5 /* [CP] Embed Pods Frameworks */ = {
			isa = PBXShellScriptBuildPhase;
			buildActionMask = 2147483647;
			files = (
			);
			inputFileListPaths = (
				"${PODS_ROOT}/Target Support Files/Pods-EnglishCamera/Pods-EnglishCamera-frameworks-${CONFIGURATION}-input-files.xcfilelist",
			);
			name = "[CP] Embed Pods Frameworks";
			outputFileListPaths = (
				"${PODS_ROOT}/Target Support Files/Pods-EnglishCamera/Pods-EnglishCamera-frameworks-${CONFIGURATION}-output-files.xcfilelist",
			);
			runOnlyForDeploymentPostprocessing = 0;
			shellPath = /bin/sh;
			shellScript = "\"${PODS_ROOT}/Target Support Files/Pods-EnglishCamera/Pods-EnglishCamera-frameworks.sh\"\n";
			showEnvVarsInLog = 0;
		};
		7A0B1221CE70C4D846F5C4E4 /* [CP] Check Pods Manifest.lock */ = {
			isa = PBXShellScriptBuildPhase;
			buildActionMask = 2147483647;
			files = (
			);
			inputFileListPaths = (
			);
			inputPaths = (
				"${PODS_PODFILE_DIR_PATH}/Podfile.lock",
				"${PODS_ROOT}/Manifest.lock",
			);
			name = "[CP] Check Pods Manifest.lock";
			outputFileListPaths = (
			);
			outputPaths = (
				"$(DERIVED_FILE_DIR)/Pods-EnglishCameraTests-checkManifestLockResult.txt",
			);
			runOnlyForDeploymentPostprocessing = 0;
			shellPath = /bin/sh;
			shellScript = "diff \"${PODS_PODFILE_DIR_PATH}/Podfile.lock\" \"${PODS_ROOT}/Manifest.lock\" > /dev/null\nif [ $? != 0 ] ; then\n    # print error to STDERR\n    echo \"error: The sandbox is not in sync with the Podfile.lock. Run 'pod install' or update your CocoaPods installation.\" >&2\n    exit 1\nfi\n# This output is used by Xcode 'outputs' to avoid re-running this script phase.\necho \"SUCCESS\" > \"${SCRIPT_OUTPUT_FILE_0}\"\n";
			showEnvVarsInLog = 0;
		};
		CE19CA98EB5F894FBEB8DCF6 /* [CP] Embed Pods Frameworks */ = {
			isa = PBXShellScriptBuildPhase;
			buildActionMask = 2147483647;
			files = (
			);
			inputFileListPaths = (
				"${PODS_ROOT}/Target Support Files/Pods-EnglishCamera-EnglishCameraUITests/Pods-EnglishCamera-EnglishCameraUITests-frameworks-${CONFIGURATION}-input-files.xcfilelist",
			);
			name = "[CP] Embed Pods Frameworks";
			outputFileListPaths = (
				"${PODS_ROOT}/Target Support Files/Pods-EnglishCamera-EnglishCameraUITests/Pods-EnglishCamera-EnglishCameraUITests-frameworks-${CONFIGURATION}-output-files.xcfilelist",
			);
			runOnlyForDeploymentPostprocessing = 0;
			shellPath = /bin/sh;
			shellScript = "\"${PODS_ROOT}/Target Support Files/Pods-EnglishCamera-EnglishCameraUITests/Pods-EnglishCamera-EnglishCameraUITests-frameworks.sh\"\n";
			showEnvVarsInLog = 0;
		};
/* End PBXShellScriptBuildPhase section */

/* Begin PBXSourcesBuildPhase section */
		E84EE48D2A6D12EA0045A804 /* Sources */ = {
			isa = PBXSourcesBuildPhase;
			buildActionMask = 2147483647;
			files = (
				E8D4033F2AAD685500EC9A12 /* VocabularySettingView.swift in Sources */,
				E84EE4CA2A6D5A4E0045A804 /* MLManager.swift in Sources */,
				E83E145E2A9A41CD00A440D2 /* Authenticator.swift in Sources */,
				E82724012A9CF4B400E34D5A /* ChatBottomActions.swift in Sources */,
				E8799D372A877FAF00231BA1 /* PurchaseViewModel.swift in Sources */,
				E82724032A9CF79400E34D5A /* ChatHeader.swift in Sources */,
				E8D4033D2AAD67FF00EC9A12 /* ChatMessages.swift in Sources */,
				E8799D332A873C6000231BA1 /* MenuView.swift in Sources */,
				E85286D02A7E60BE00F23507 /* Extensions.swift in Sources */,
				E822F7562A7DF258008BEC33 /* StudyHistoryDataSource.swift in Sources */,
				E84EE4C82A6D59C00045A804 /* VideoCapture.swift in Sources */,
				E8D4034B2AADE29700EC9A12 /* SearchVocabulary.swift in Sources */,
				E8D403492AAD85E200EC9A12 /* VocabularySearchView.swift in Sources */,
				E85286CC2A7E28FD00F23507 /* CameraView.swift in Sources */,
				E8799D312A872FD200231BA1 /* Purchase.swift in Sources */,
				E8799D2D2A84C42000231BA1 /* RecordVoice.swift in Sources */,
				E8D4034D2AB09B5E00EC9A12 /* SearchVocabularyViewModel.swift in Sources */,
				E822F7492A7941D6008BEC33 /* ChatGPT.swift in Sources */,
				E84EE4972A6D12EA0045A804 /* ContentView.swift in Sources */,
				E8D403472AAD7FBD00EC9A12 /* VocabularyHistoryList.swift in Sources */,
				E85286CE2A7E29F700F23507 /* StudyHistoryView.swift in Sources */,
				E8C92B342AB5E19100FBA45F /* FeedbackView.swift in Sources */,
				E88A5E782A8C45A0003D787F /* CloudVision.swift in Sources */,
				E8799D2F2A85D23400231BA1 /* AppValue.swift in Sources */,
				E822F7542A7DF220008BEC33 /* StudyHistory.swift in Sources */,
				E822F7582A7DF27D008BEC33 /* DataSourceProtocol.swift in Sources */,
				E822F74B2A7C75E5008BEC33 /* RealTimeImageClassificationView.swift in Sources */,
				E8799D352A87512E00231BA1 /* PurchaseView.swift in Sources */,
				E8D403432AAD795700EC9A12 /* VocabularyState.swift in Sources */,
				E8D403372AAC72E700EC9A12 /* YOLOv3Tiny.mlmodel in Sources */,
				E822F75A2A7DF2BF008BEC33 /* StudyHistoryState.swift in Sources */,
				E8D403392AAD5E0A00EC9A12 /* VocabularyView.swift in Sources */,
				E822F74D2A7DF16E008BEC33 /* RealmWrapper.swift in Sources */,
				E84318C42AA31A8F006EB761 /* VisionSpeakApiClient.swift in Sources */,
				E84EE4952A6D12EA0045A804 /* EnglishCameraApp.swift in Sources */,
				E842B6232A7F423900961719 /* CameraStatus.swift in Sources */,
				E8D2A93A2A7E8ED900EAD243 /* TextToSpeak.swift in Sources */,
				E84EE4CE2A6D5DB60045A804 /* RealTimeImageClassificationViewModel.swift in Sources */,
				E8D403452AAD796600EC9A12 /* VocabularyDataSource.swift in Sources */,
				E8D4033B2AAD5F0300EC9A12 /* Vocabulary.swift in Sources */,
			);
			runOnlyForDeploymentPostprocessing = 0;
		};
		E84EE49D2A6D12EB0045A804 /* Sources */ = {
			isa = PBXSourcesBuildPhase;
			buildActionMask = 2147483647;
			files = (
				E84EE4A62A6D12EB0045A804 /* EnglishCameraTests.swift in Sources */,
			);
			runOnlyForDeploymentPostprocessing = 0;
		};
		E84EE4A72A6D12EB0045A804 /* Sources */ = {
			isa = PBXSourcesBuildPhase;
			buildActionMask = 2147483647;
			files = (
				E84EE4B22A6D12EB0045A804 /* EnglishCameraUITestsLaunchTests.swift in Sources */,
				E84EE4B02A6D12EB0045A804 /* EnglishCameraUITests.swift in Sources */,
			);
			runOnlyForDeploymentPostprocessing = 0;
		};
/* End PBXSourcesBuildPhase section */

/* Begin PBXTargetDependency section */
		E84EE4A32A6D12EB0045A804 /* PBXTargetDependency */ = {
			isa = PBXTargetDependency;
			target = E84EE4902A6D12EA0045A804 /* EnglishCamera */;
			targetProxy = E84EE4A22A6D12EB0045A804 /* PBXContainerItemProxy */;
		};
		E84EE4AD2A6D12EB0045A804 /* PBXTargetDependency */ = {
			isa = PBXTargetDependency;
			target = E84EE4902A6D12EA0045A804 /* EnglishCamera */;
			targetProxy = E84EE4AC2A6D12EB0045A804 /* PBXContainerItemProxy */;
		};
/* End PBXTargetDependency section */

/* Begin XCBuildConfiguration section */
		E84EE4B32A6D12EB0045A804 /* Debug */ = {
			isa = XCBuildConfiguration;
			buildSettings = {
				ALWAYS_SEARCH_USER_PATHS = NO;
				CLANG_ANALYZER_NONNULL = YES;
				CLANG_ANALYZER_NUMBER_OBJECT_CONVERSION = YES_AGGRESSIVE;
				CLANG_CXX_LANGUAGE_STANDARD = "gnu++20";
				CLANG_ENABLE_MODULES = YES;
				CLANG_ENABLE_OBJC_ARC = YES;
				CLANG_ENABLE_OBJC_WEAK = YES;
				CLANG_WARN_BLOCK_CAPTURE_AUTORELEASING = YES;
				CLANG_WARN_BOOL_CONVERSION = YES;
				CLANG_WARN_COMMA = YES;
				CLANG_WARN_CONSTANT_CONVERSION = YES;
				CLANG_WARN_DEPRECATED_OBJC_IMPLEMENTATIONS = YES;
				CLANG_WARN_DIRECT_OBJC_ISA_USAGE = YES_ERROR;
				CLANG_WARN_DOCUMENTATION_COMMENTS = YES;
				CLANG_WARN_EMPTY_BODY = YES;
				CLANG_WARN_ENUM_CONVERSION = YES;
				CLANG_WARN_INFINITE_RECURSION = YES;
				CLANG_WARN_INT_CONVERSION = YES;
				CLANG_WARN_NON_LITERAL_NULL_CONVERSION = YES;
				CLANG_WARN_OBJC_IMPLICIT_RETAIN_SELF = YES;
				CLANG_WARN_OBJC_LITERAL_CONVERSION = YES;
				CLANG_WARN_OBJC_ROOT_CLASS = YES_ERROR;
				CLANG_WARN_QUOTED_INCLUDE_IN_FRAMEWORK_HEADER = YES;
				CLANG_WARN_RANGE_LOOP_ANALYSIS = YES;
				CLANG_WARN_STRICT_PROTOTYPES = YES;
				CLANG_WARN_SUSPICIOUS_MOVE = YES;
				CLANG_WARN_UNGUARDED_AVAILABILITY = YES_AGGRESSIVE;
				CLANG_WARN_UNREACHABLE_CODE = YES;
				CLANG_WARN__DUPLICATE_METHOD_MATCH = YES;
				COPY_PHASE_STRIP = NO;
				DEBUG_INFORMATION_FORMAT = dwarf;
				ENABLE_STRICT_OBJC_MSGSEND = YES;
				ENABLE_TESTABILITY = YES;
				GCC_C_LANGUAGE_STANDARD = gnu11;
				GCC_DYNAMIC_NO_PIC = NO;
				GCC_NO_COMMON_BLOCKS = YES;
				GCC_OPTIMIZATION_LEVEL = 0;
				GCC_PREPROCESSOR_DEFINITIONS = (
					"DEBUG=1",
					"$(inherited)",
				);
				GCC_WARN_64_TO_32_BIT_CONVERSION = YES;
				GCC_WARN_ABOUT_RETURN_TYPE = YES_ERROR;
				GCC_WARN_UNDECLARED_SELECTOR = YES;
				GCC_WARN_UNINITIALIZED_AUTOS = YES_AGGRESSIVE;
				GCC_WARN_UNUSED_FUNCTION = YES;
				GCC_WARN_UNUSED_VARIABLE = YES;
				IPHONEOS_DEPLOYMENT_TARGET = 16.4;
				MTL_ENABLE_DEBUG_INFO = INCLUDE_SOURCE;
				MTL_FAST_MATH = YES;
				ONLY_ACTIVE_ARCH = YES;
				SDKROOT = iphoneos;
				SWIFT_ACTIVE_COMPILATION_CONDITIONS = DEBUG;
				SWIFT_OPTIMIZATION_LEVEL = "-Onone";
			};
			name = Debug;
		};
		E84EE4B42A6D12EB0045A804 /* Release */ = {
			isa = XCBuildConfiguration;
			buildSettings = {
				ALWAYS_SEARCH_USER_PATHS = NO;
				CLANG_ANALYZER_NONNULL = YES;
				CLANG_ANALYZER_NUMBER_OBJECT_CONVERSION = YES_AGGRESSIVE;
				CLANG_CXX_LANGUAGE_STANDARD = "gnu++20";
				CLANG_ENABLE_MODULES = YES;
				CLANG_ENABLE_OBJC_ARC = YES;
				CLANG_ENABLE_OBJC_WEAK = YES;
				CLANG_WARN_BLOCK_CAPTURE_AUTORELEASING = YES;
				CLANG_WARN_BOOL_CONVERSION = YES;
				CLANG_WARN_COMMA = YES;
				CLANG_WARN_CONSTANT_CONVERSION = YES;
				CLANG_WARN_DEPRECATED_OBJC_IMPLEMENTATIONS = YES;
				CLANG_WARN_DIRECT_OBJC_ISA_USAGE = YES_ERROR;
				CLANG_WARN_DOCUMENTATION_COMMENTS = YES;
				CLANG_WARN_EMPTY_BODY = YES;
				CLANG_WARN_ENUM_CONVERSION = YES;
				CLANG_WARN_INFINITE_RECURSION = YES;
				CLANG_WARN_INT_CONVERSION = YES;
				CLANG_WARN_NON_LITERAL_NULL_CONVERSION = YES;
				CLANG_WARN_OBJC_IMPLICIT_RETAIN_SELF = YES;
				CLANG_WARN_OBJC_LITERAL_CONVERSION = YES;
				CLANG_WARN_OBJC_ROOT_CLASS = YES_ERROR;
				CLANG_WARN_QUOTED_INCLUDE_IN_FRAMEWORK_HEADER = YES;
				CLANG_WARN_RANGE_LOOP_ANALYSIS = YES;
				CLANG_WARN_STRICT_PROTOTYPES = YES;
				CLANG_WARN_SUSPICIOUS_MOVE = YES;
				CLANG_WARN_UNGUARDED_AVAILABILITY = YES_AGGRESSIVE;
				CLANG_WARN_UNREACHABLE_CODE = YES;
				CLANG_WARN__DUPLICATE_METHOD_MATCH = YES;
				COPY_PHASE_STRIP = NO;
				DEBUG_INFORMATION_FORMAT = "dwarf-with-dsym";
				ENABLE_NS_ASSERTIONS = NO;
				ENABLE_STRICT_OBJC_MSGSEND = YES;
				GCC_C_LANGUAGE_STANDARD = gnu11;
				GCC_NO_COMMON_BLOCKS = YES;
				GCC_WARN_64_TO_32_BIT_CONVERSION = YES;
				GCC_WARN_ABOUT_RETURN_TYPE = YES_ERROR;
				GCC_WARN_UNDECLARED_SELECTOR = YES;
				GCC_WARN_UNINITIALIZED_AUTOS = YES_AGGRESSIVE;
				GCC_WARN_UNUSED_FUNCTION = YES;
				GCC_WARN_UNUSED_VARIABLE = YES;
				IPHONEOS_DEPLOYMENT_TARGET = 16.4;
				MTL_ENABLE_DEBUG_INFO = NO;
				MTL_FAST_MATH = YES;
				SDKROOT = iphoneos;
				SWIFT_COMPILATION_MODE = wholemodule;
				SWIFT_OPTIMIZATION_LEVEL = "-O";
				VALIDATE_PRODUCT = YES;
			};
			name = Release;
		};
		E84EE4B62A6D12EB0045A804 /* Debug */ = {
			isa = XCBuildConfiguration;
			baseConfigurationReference = EC2575AEFB0F79F7CE072B3E /* Pods-EnglishCamera.debug.xcconfig */;
			buildSettings = {
				ASSETCATALOG_COMPILER_APPICON_NAME = AppIcon;
				ASSETCATALOG_COMPILER_GLOBAL_ACCENT_COLOR_NAME = AccentColor;
				"CODE_SIGN_IDENTITY[sdk=iphoneos*]" = "iPhone Developer";
				CODE_SIGN_STYLE = Manual;
				CURRENT_PROJECT_VERSION = 1;
				DEVELOPMENT_ASSET_PATHS = "\"EnglishCamera/Preview Content\"";
				DEVELOPMENT_TEAM = "";
				"DEVELOPMENT_TEAM[sdk=iphoneos*]" = YTQ2PNQMMN;
				ENABLE_PREVIEWS = YES;
				GENERATE_INFOPLIST_FILE = YES;
				INFOPLIST_KEY_NSCameraUsageDescription = 1.0;
				INFOPLIST_KEY_NSMicrophoneUsageDescription = "";
				INFOPLIST_KEY_NSSpeechRecognitionUsageDescription = "";
				INFOPLIST_KEY_UIApplicationSceneManifest_Generation = YES;
				INFOPLIST_KEY_UIApplicationSupportsIndirectInputEvents = YES;
				INFOPLIST_KEY_UILaunchScreen_Generation = YES;
				INFOPLIST_KEY_UISupportedInterfaceOrientations_iPad = "UIInterfaceOrientationPortrait UIInterfaceOrientationPortraitUpsideDown UIInterfaceOrientationLandscapeLeft UIInterfaceOrientationLandscapeRight";
				INFOPLIST_KEY_UISupportedInterfaceOrientations_iPhone = "UIInterfaceOrientationPortrait UIInterfaceOrientationLandscapeLeft UIInterfaceOrientationLandscapeRight";
				IPHONEOS_DEPLOYMENT_TARGET = 16.0;
				LD_RUNPATH_SEARCH_PATHS = (
					"$(inherited)",
					"@executable_path/Frameworks",
				);
				MARKETING_VERSION = 1.0;
				PRODUCT_BUNDLE_IDENTIFIER = tech.smartconnections.daily.speak;
				PRODUCT_NAME = "$(TARGET_NAME)";
				PROVISIONING_PROFILE_SPECIFIER = "";
				"PROVISIONING_PROFILE_SPECIFIER[sdk=iphoneos*]" = WildCard;
				SWIFT_EMIT_LOC_STRINGS = YES;
				SWIFT_VERSION = 5.0;
				TARGETED_DEVICE_FAMILY = "1,2";
			};
			name = Debug;
		};
		E84EE4B72A6D12EB0045A804 /* Release */ = {
			isa = XCBuildConfiguration;
			baseConfigurationReference = D64A022782F20C7479D367BC /* Pods-EnglishCamera.release.xcconfig */;
			buildSettings = {
				ASSETCATALOG_COMPILER_APPICON_NAME = AppIcon;
				ASSETCATALOG_COMPILER_GLOBAL_ACCENT_COLOR_NAME = AccentColor;
				CODE_SIGN_IDENTITY = "Apple Development";
				"CODE_SIGN_IDENTITY[sdk=iphoneos*]" = "iPhone Distribution";
				CODE_SIGN_STYLE = Manual;
				CURRENT_PROJECT_VERSION = 1;
				DEVELOPMENT_ASSET_PATHS = "\"EnglishCamera/Preview Content\"";
				DEVELOPMENT_TEAM = "";
				"DEVELOPMENT_TEAM[sdk=iphoneos*]" = 4D63ZM65V4;
				ENABLE_PREVIEWS = YES;
				GENERATE_INFOPLIST_FILE = YES;
				INFOPLIST_KEY_NSCameraUsageDescription = 1.0;
				INFOPLIST_KEY_NSMicrophoneUsageDescription = "";
				INFOPLIST_KEY_NSSpeechRecognitionUsageDescription = "";
				INFOPLIST_KEY_UIApplicationSceneManifest_Generation = YES;
				INFOPLIST_KEY_UIApplicationSupportsIndirectInputEvents = YES;
				INFOPLIST_KEY_UILaunchScreen_Generation = YES;
				INFOPLIST_KEY_UISupportedInterfaceOrientations_iPad = "UIInterfaceOrientationPortrait UIInterfaceOrientationPortraitUpsideDown UIInterfaceOrientationLandscapeLeft UIInterfaceOrientationLandscapeRight";
				INFOPLIST_KEY_UISupportedInterfaceOrientations_iPhone = "UIInterfaceOrientationPortrait UIInterfaceOrientationLandscapeLeft UIInterfaceOrientationLandscapeRight";
				IPHONEOS_DEPLOYMENT_TARGET = 16.0;
				LD_RUNPATH_SEARCH_PATHS = (
					"$(inherited)",
					"@executable_path/Frameworks",
				);
				MARKETING_VERSION = 1.0;
				PRODUCT_BUNDLE_IDENTIFIER = "com.focus-on";
				PRODUCT_NAME = "$(TARGET_NAME)";
				PROVISIONING_PROFILE_SPECIFIER = "";
				"PROVISIONING_PROFILE_SPECIFIER[sdk=iphoneos*]" = prod;
				SWIFT_EMIT_LOC_STRINGS = YES;
				SWIFT_VERSION = 5.0;
				TARGETED_DEVICE_FAMILY = "1,2";
			};
			name = Release;
		};
		E84EE4B92A6D12EB0045A804 /* Debug */ = {
			isa = XCBuildConfiguration;
			baseConfigurationReference = 9313194BEC8CAD952A9CF8CB /* Pods-EnglishCameraTests.debug.xcconfig */;
			buildSettings = {
				ALWAYS_EMBED_SWIFT_STANDARD_LIBRARIES = YES;
				BUNDLE_LOADER = "$(TEST_HOST)";
				CODE_SIGN_STYLE = Automatic;
				CURRENT_PROJECT_VERSION = 1;
				DEVELOPMENT_TEAM = J9ATR58RL2;
				GENERATE_INFOPLIST_FILE = YES;
				IPHONEOS_DEPLOYMENT_TARGET = 16.4;
				MARKETING_VERSION = 1.0;
				PRODUCT_BUNDLE_IDENTIFIER = com.smartconnections.EnglishCameraTests;
				PRODUCT_NAME = "$(TARGET_NAME)";
				SWIFT_EMIT_LOC_STRINGS = NO;
				SWIFT_VERSION = 5.0;
				TARGETED_DEVICE_FAMILY = "1,2";
				TEST_HOST = "$(BUILT_PRODUCTS_DIR)/EnglishCamera.app/$(BUNDLE_EXECUTABLE_FOLDER_PATH)/EnglishCamera";
			};
			name = Debug;
		};
		E84EE4BA2A6D12EB0045A804 /* Release */ = {
			isa = XCBuildConfiguration;
			baseConfigurationReference = 55FAF12DEEF7E0BBC1A731AA /* Pods-EnglishCameraTests.release.xcconfig */;
			buildSettings = {
				ALWAYS_EMBED_SWIFT_STANDARD_LIBRARIES = YES;
				BUNDLE_LOADER = "$(TEST_HOST)";
				CODE_SIGN_STYLE = Automatic;
				CURRENT_PROJECT_VERSION = 1;
				DEVELOPMENT_TEAM = J9ATR58RL2;
				GENERATE_INFOPLIST_FILE = YES;
				IPHONEOS_DEPLOYMENT_TARGET = 16.4;
				MARKETING_VERSION = 1.0;
				PRODUCT_BUNDLE_IDENTIFIER = com.smartconnections.EnglishCameraTests;
				PRODUCT_NAME = "$(TARGET_NAME)";
				SWIFT_EMIT_LOC_STRINGS = NO;
				SWIFT_VERSION = 5.0;
				TARGETED_DEVICE_FAMILY = "1,2";
				TEST_HOST = "$(BUILT_PRODUCTS_DIR)/EnglishCamera.app/$(BUNDLE_EXECUTABLE_FOLDER_PATH)/EnglishCamera";
			};
			name = Release;
		};
		E84EE4BC2A6D12EB0045A804 /* Debug */ = {
			isa = XCBuildConfiguration;
			baseConfigurationReference = 71D2C48FDF4DA26BE46BE652 /* Pods-EnglishCamera-EnglishCameraUITests.debug.xcconfig */;
			buildSettings = {
				ALWAYS_EMBED_SWIFT_STANDARD_LIBRARIES = YES;
				CODE_SIGN_STYLE = Automatic;
				CURRENT_PROJECT_VERSION = 1;
				DEVELOPMENT_TEAM = J9ATR58RL2;
				GENERATE_INFOPLIST_FILE = YES;
				MARKETING_VERSION = 1.0;
				PRODUCT_BUNDLE_IDENTIFIER = com.smartconnections.EnglishCameraUITests;
				PRODUCT_NAME = "$(TARGET_NAME)";
				SWIFT_EMIT_LOC_STRINGS = NO;
				SWIFT_VERSION = 5.0;
				TARGETED_DEVICE_FAMILY = "1,2";
				TEST_TARGET_NAME = EnglishCamera;
			};
			name = Debug;
		};
		E84EE4BD2A6D12EB0045A804 /* Release */ = {
			isa = XCBuildConfiguration;
			baseConfigurationReference = C9D06DFDC5E882CAADB91E52 /* Pods-EnglishCamera-EnglishCameraUITests.release.xcconfig */;
			buildSettings = {
				ALWAYS_EMBED_SWIFT_STANDARD_LIBRARIES = YES;
				CODE_SIGN_STYLE = Automatic;
				CURRENT_PROJECT_VERSION = 1;
				DEVELOPMENT_TEAM = J9ATR58RL2;
				GENERATE_INFOPLIST_FILE = YES;
				MARKETING_VERSION = 1.0;
				PRODUCT_BUNDLE_IDENTIFIER = com.smartconnections.EnglishCameraUITests;
				PRODUCT_NAME = "$(TARGET_NAME)";
				SWIFT_EMIT_LOC_STRINGS = NO;
				SWIFT_VERSION = 5.0;
				TARGETED_DEVICE_FAMILY = "1,2";
				TEST_TARGET_NAME = EnglishCamera;
			};
			name = Release;
		};
/* End XCBuildConfiguration section */

/* Begin XCConfigurationList section */
		E84EE48C2A6D12EA0045A804 /* Build configuration list for PBXProject "EnglishCamera" */ = {
			isa = XCConfigurationList;
			buildConfigurations = (
				E84EE4B32A6D12EB0045A804 /* Debug */,
				E84EE4B42A6D12EB0045A804 /* Release */,
			);
			defaultConfigurationIsVisible = 0;
			defaultConfigurationName = Release;
		};
		E84EE4B52A6D12EB0045A804 /* Build configuration list for PBXNativeTarget "EnglishCamera" */ = {
			isa = XCConfigurationList;
			buildConfigurations = (
				E84EE4B62A6D12EB0045A804 /* Debug */,
				E84EE4B72A6D12EB0045A804 /* Release */,
			);
			defaultConfigurationIsVisible = 0;
			defaultConfigurationName = Release;
		};
		E84EE4B82A6D12EB0045A804 /* Build configuration list for PBXNativeTarget "EnglishCameraTests" */ = {
			isa = XCConfigurationList;
			buildConfigurations = (
				E84EE4B92A6D12EB0045A804 /* Debug */,
				E84EE4BA2A6D12EB0045A804 /* Release */,
			);
			defaultConfigurationIsVisible = 0;
			defaultConfigurationName = Release;
		};
		E84EE4BB2A6D12EB0045A804 /* Build configuration list for PBXNativeTarget "EnglishCameraUITests" */ = {
			isa = XCConfigurationList;
			buildConfigurations = (
				E84EE4BC2A6D12EB0045A804 /* Debug */,
				E84EE4BD2A6D12EB0045A804 /* Release */,
			);
			defaultConfigurationIsVisible = 0;
			defaultConfigurationName = Release;
		};
/* End XCConfigurationList section */

/* Begin XCRemoteSwiftPackageReference section */
		E822F74E2A7DF209008BEC33 /* XCRemoteSwiftPackageReference "realm-swift" */ = {
			isa = XCRemoteSwiftPackageReference;
			repositoryURL = "https://github.com/realm/realm-swift.git";
			requirement = {
				branch = master;
				kind = branch;
			};
		};
		E8F89CCE2A99F07D00D0F458 /* XCRemoteSwiftPackageReference "amplify-swift" */ = {
			isa = XCRemoteSwiftPackageReference;
			repositoryURL = "https://github.com/aws-amplify/amplify-swift";
			requirement = {
				kind = upToNextMajorVersion;
				minimumVersion = 2.0.0;
			};
		};
/* End XCRemoteSwiftPackageReference section */
	};
	rootObject = E84EE4892A6D12EA0045A804 /* Project object */;
}
